// !$*UTF8*$!
{
	archiveVersion = 1;
	classes = {
	};
	objectVersion = 56;
	objects = {

/* Begin PBXBuildFile section */
		F850D7832A9ECD2700C2D13B /* ViewMode.swift in Sources */ = {isa = PBXBuildFile; fileRef = F850D7822A9ECD2700C2D13B /* ViewMode.swift */; };
		F8723B7D2A98359E00B172BE /* GridView.swift in Sources */ = {isa = PBXBuildFile; fileRef = F8723B7C2A98359E00B172BE /* GridView.swift */; };
		F8723B7F2A983C4E00B172BE /* Menus.swift in Sources */ = {isa = PBXBuildFile; fileRef = F8723B7E2A983C4E00B172BE /* Menus.swift */; };
		F8A8595C2AA7FCB9006B6A15 /* DayPicker.swift in Sources */ = {isa = PBXBuildFile; fileRef = F8A8595B2AA7FCB9006B6A15 /* DayPicker.swift */; };
		F8A8595F2AA81937006B6A15 /* DateButtonViewModifier.swift in Sources */ = {isa = PBXBuildFile; fileRef = F8A8595E2AA81937006B6A15 /* DateButtonViewModifier.swift */; };
		F8AD124A2A95946400F23364 /* OnThisDayApp.swift in Sources */ = {isa = PBXBuildFile; fileRef = F8AD12492A95946400F23364 /* OnThisDayApp.swift */; };
		F8AD124C2A95946400F23364 /* ContentView.swift in Sources */ = {isa = PBXBuildFile; fileRef = F8AD124B2A95946400F23364 /* ContentView.swift */; };
		F8AD124E2A95946500F23364 /* Assets.xcassets in Resources */ = {isa = PBXBuildFile; fileRef = F8AD124D2A95946500F23364 /* Assets.xcassets */; };
		F8AD12512A95946500F23364 /* Preview Assets.xcassets in Resources */ = {isa = PBXBuildFile; fileRef = F8AD12502A95946500F23364 /* Preview Assets.xcassets */; };
		F8AD12632A9595C800F23364 /* SampleEvent.swift in Sources */ = {isa = PBXBuildFile; fileRef = F8AD125A2A9595C800F23364 /* SampleEvent.swift */; };
		F8AD12642A9595C800F23364 /* String_decoded.swift in Sources */ = {isa = PBXBuildFile; fileRef = F8AD125C2A9595C800F23364 /* String_decoded.swift */; };
		F8AD12652A9595C800F23364 /* Networker.swift in Sources */ = {isa = PBXBuildFile; fileRef = F8AD125D2A9595C800F23364 /* Networker.swift */; };
		F8AD12662A9595C800F23364 /* AppState.swift in Sources */ = {isa = PBXBuildFile; fileRef = F8AD125F2A9595C800F23364 /* AppState.swift */; };
		F8AD12672A9595C800F23364 /* Event.swift in Sources */ = {isa = PBXBuildFile; fileRef = F8AD12602A9595C800F23364 /* Event.swift */; };
		F8AD12682A9595C800F23364 /* EventLink.swift in Sources */ = {isa = PBXBuildFile; fileRef = F8AD12612A9595C800F23364 /* EventLink.swift */; };
		F8AD12692A9595C800F23364 /* Day.swift in Sources */ = {isa = PBXBuildFile; fileRef = F8AD12622A9595C800F23364 /* Day.swift */; };
		F8C4DB662A9D750B00F54031 /* DisplayMode.swift in Sources */ = {isa = PBXBuildFile; fileRef = F8C4DB652A9D750B00F54031 /* DisplayMode.swift */; };
		F8C4DB692A9D781F00F54031 /* Toolbar.swift in Sources */ = {isa = PBXBuildFile; fileRef = F8C4DB682A9D781F00F54031 /* Toolbar.swift */; };
		F8C4DB6B2A9D7BFD00F54031 /* TableView.swift in Sources */ = {isa = PBXBuildFile; fileRef = F8C4DB6A2A9D7BFD00F54031 /* TableView.swift */; };
		F8F0DDCE2AA952CC0004F3B6 /* PreferencesView.swift in Sources */ = {isa = PBXBuildFile; fileRef = F8F0DDCD2AA952CC0004F3B6 /* PreferencesView.swift */; };
		F8F4D6692A96E35000997F56 /* SidebarView.swift in Sources */ = {isa = PBXBuildFile; fileRef = F8F4D6682A96E35000997F56 /* SidebarView.swift */; };
		F8F4D66B2A96E36300997F56 /* EventType.swift in Sources */ = {isa = PBXBuildFile; fileRef = F8F4D66A2A96E36300997F56 /* EventType.swift */; };
		F8F4D66D2A96E4FF00997F56 /* EventView.swift in Sources */ = {isa = PBXBuildFile; fileRef = F8F4D66C2A96E4FF00997F56 /* EventView.swift */; };
		F8FA314E2AA955F300DD1BFA /* ShowView.swift in Sources */ = {isa = PBXBuildFile; fileRef = F8FA314D2AA955F300DD1BFA /* ShowView.swift */; };
/* End PBXBuildFile section */

/* Begin PBXFileReference section */
		F850D7822A9ECD2700C2D13B /* ViewMode.swift */ = {isa = PBXFileReference; lastKnownFileType = sourcecode.swift; path = ViewMode.swift; sourceTree = "<group>"; };
		F8723B7C2A98359E00B172BE /* GridView.swift */ = {isa = PBXFileReference; lastKnownFileType = sourcecode.swift; path = GridView.swift; sourceTree = "<group>"; };
		F8723B7E2A983C4E00B172BE /* Menus.swift */ = {isa = PBXFileReference; lastKnownFileType = sourcecode.swift; path = Menus.swift; sourceTree = "<group>"; };
		F8A8595B2AA7FCB9006B6A15 /* DayPicker.swift */ = {isa = PBXFileReference; lastKnownFileType = sourcecode.swift; path = DayPicker.swift; sourceTree = "<group>"; };
		F8A8595E2AA81937006B6A15 /* DateButtonViewModifier.swift */ = {isa = PBXFileReference; lastKnownFileType = sourcecode.swift; path = DateButtonViewModifier.swift; sourceTree = "<group>"; };
		F8AD12462A95946400F23364 /* OnThisDay.app */ = {isa = PBXFileReference; explicitFileType = wrapper.application; includeInIndex = 0; path = OnThisDay.app; sourceTree = BUILT_PRODUCTS_DIR; };
		F8AD12492A95946400F23364 /* OnThisDayApp.swift */ = {isa = PBXFileReference; lastKnownFileType = sourcecode.swift; path = OnThisDayApp.swift; sourceTree = "<group>"; };
		F8AD124B2A95946400F23364 /* ContentView.swift */ = {isa = PBXFileReference; lastKnownFileType = sourcecode.swift; path = ContentView.swift; sourceTree = "<group>"; };
		F8AD124D2A95946500F23364 /* Assets.xcassets */ = {isa = PBXFileReference; lastKnownFileType = folder.assetcatalog; path = Assets.xcassets; sourceTree = "<group>"; };
		F8AD12502A95946500F23364 /* Preview Assets.xcassets */ = {isa = PBXFileReference; lastKnownFileType = folder.assetcatalog; path = "Preview Assets.xcassets"; sourceTree = "<group>"; };
		F8AD12522A95946500F23364 /* OnThisDay.entitlements */ = {isa = PBXFileReference; lastKnownFileType = text.plist.entitlements; path = OnThisDay.entitlements; sourceTree = "<group>"; };
		F8AD125A2A9595C800F23364 /* SampleEvent.swift */ = {isa = PBXFileReference; fileEncoding = 4; lastKnownFileType = sourcecode.swift; path = SampleEvent.swift; sourceTree = "<group>"; };
		F8AD125C2A9595C800F23364 /* String_decoded.swift */ = {isa = PBXFileReference; fileEncoding = 4; lastKnownFileType = sourcecode.swift; path = String_decoded.swift; sourceTree = "<group>"; };
		F8AD125D2A9595C800F23364 /* Networker.swift */ = {isa = PBXFileReference; fileEncoding = 4; lastKnownFileType = sourcecode.swift; path = Networker.swift; sourceTree = "<group>"; };
		F8AD125F2A9595C800F23364 /* AppState.swift */ = {isa = PBXFileReference; fileEncoding = 4; lastKnownFileType = sourcecode.swift; path = AppState.swift; sourceTree = "<group>"; };
		F8AD12602A9595C800F23364 /* Event.swift */ = {isa = PBXFileReference; fileEncoding = 4; lastKnownFileType = sourcecode.swift; path = Event.swift; sourceTree = "<group>"; };
		F8AD12612A9595C800F23364 /* EventLink.swift */ = {isa = PBXFileReference; fileEncoding = 4; lastKnownFileType = sourcecode.swift; path = EventLink.swift; sourceTree = "<group>"; };
		F8AD12622A9595C800F23364 /* Day.swift */ = {isa = PBXFileReference; fileEncoding = 4; lastKnownFileType = sourcecode.swift; path = Day.swift; sourceTree = "<group>"; };
		F8C4DB652A9D750B00F54031 /* DisplayMode.swift */ = {isa = PBXFileReference; lastKnownFileType = sourcecode.swift; path = DisplayMode.swift; sourceTree = "<group>"; };
		F8C4DB682A9D781F00F54031 /* Toolbar.swift */ = {isa = PBXFileReference; lastKnownFileType = sourcecode.swift; path = Toolbar.swift; sourceTree = "<group>"; };
		F8C4DB6A2A9D7BFD00F54031 /* TableView.swift */ = {isa = PBXFileReference; lastKnownFileType = sourcecode.swift; path = TableView.swift; sourceTree = "<group>"; };
		F8F0DDCD2AA952CC0004F3B6 /* PreferencesView.swift */ = {isa = PBXFileReference; lastKnownFileType = sourcecode.swift; path = PreferencesView.swift; sourceTree = "<group>"; };
		F8F4D6682A96E35000997F56 /* SidebarView.swift */ = {isa = PBXFileReference; lastKnownFileType = sourcecode.swift; path = SidebarView.swift; sourceTree = "<group>"; };
		F8F4D66A2A96E36300997F56 /* EventType.swift */ = {isa = PBXFileReference; lastKnownFileType = sourcecode.swift; path = EventType.swift; sourceTree = "<group>"; };
		F8F4D66C2A96E4FF00997F56 /* EventView.swift */ = {isa = PBXFileReference; lastKnownFileType = sourcecode.swift; path = EventView.swift; sourceTree = "<group>"; };
		F8FA314D2AA955F300DD1BFA /* ShowView.swift */ = {isa = PBXFileReference; lastKnownFileType = sourcecode.swift; path = ShowView.swift; sourceTree = "<group>"; };
/* End PBXFileReference section */

/* Begin PBXFrameworksBuildPhase section */
		F8AD12432A95946400F23364 /* Frameworks */ = {
			isa = PBXFrameworksBuildPhase;
			buildActionMask = 2147483647;
			files = (
			);
			runOnlyForDeploymentPostprocessing = 0;
		};
/* End PBXFrameworksBuildPhase section */

/* Begin PBXGroup section */
		F850D7812A9ECD1600C2D13B /* Enums */ = {
			isa = PBXGroup;
			children = (
				F8C4DB652A9D750B00F54031 /* DisplayMode.swift */,
				F8F4D66A2A96E36300997F56 /* EventType.swift */,
				F850D7822A9ECD2700C2D13B /* ViewMode.swift */,
			);
			path = Enums;
			sourceTree = "<group>";
		};
		F8A8595D2AA8192B006B6A15 /* ViewModifiers */ = {
			isa = PBXGroup;
			children = (
				F8A8595E2AA81937006B6A15 /* DateButtonViewModifier.swift */,
			);
			path = ViewModifiers;
			sourceTree = "<group>";
		};
		F8AD123D2A95946400F23364 = {
			isa = PBXGroup;
			children = (
				F8AD12482A95946400F23364 /* OnThisDay */,
				F8AD12472A95946400F23364 /* Products */,
			);
			sourceTree = "<group>";
		};
		F8AD12472A95946400F23364 /* Products */ = {
			isa = PBXGroup;
			children = (
				F8AD12462A95946400F23364 /* OnThisDay.app */,
			);
			name = Products;
			sourceTree = "<group>";
		};
		F8AD12482A95946400F23364 /* OnThisDay */ = {
			isa = PBXGroup;
			children = (
				F8F4D6672A96DC5000997F56 /* Templates */,
				F8AD125E2A9595C800F23364 /* Models */,
				F8AD125B2A9595C800F23364 /* Utilities */,
				F8AD12592A95959800F23364 /* Views */,
				F8AD12582A95958A00F23364 /* SupportingFiles */,
				F8AD12522A95946500F23364 /* OnThisDay.entitlements */,
				F8AD124F2A95946500F23364 /* Preview Content */,
			);
			path = OnThisDay;
			sourceTree = "<group>";
		};
		F8AD124F2A95946500F23364 /* Preview Content */ = {
			isa = PBXGroup;
			children = (
				F8AD12502A95946500F23364 /* Preview Assets.xcassets */,
			);
			path = "Preview Content";
			sourceTree = "<group>";
		};
		F8AD12582A95958A00F23364 /* SupportingFiles */ = {
			isa = PBXGroup;
			children = (
				F8AD125A2A9595C800F23364 /* SampleEvent.swift */,
				F8AD124D2A95946500F23364 /* Assets.xcassets */,
				F8AD12492A95946400F23364 /* OnThisDayApp.swift */,
			);
			path = SupportingFiles;
			sourceTree = "<group>";
		};
		F8AD12592A95959800F23364 /* Views */ = {
			isa = PBXGroup;
			children = (
				F8FA314A2AA9557F00DD1BFA /* SettingsViews */,
				F8A8595D2AA8192B006B6A15 /* ViewModifiers */,
				F8C4DB672A9D781000F54031 /* Controls */,
				F8AD124B2A95946400F23364 /* ContentView.swift */,
				F8F4D6682A96E35000997F56 /* SidebarView.swift */,
				F8F4D66C2A96E4FF00997F56 /* EventView.swift */,
				F8723B7C2A98359E00B172BE /* GridView.swift */,
				F8C4DB6A2A9D7BFD00F54031 /* TableView.swift */,
			);
			path = Views;
			sourceTree = "<group>";
		};
		F8AD125B2A9595C800F23364 /* Utilities */ = {
			isa = PBXGroup;
			children = (
				F8AD125C2A9595C800F23364 /* String_decoded.swift */,
				F8AD125D2A9595C800F23364 /* Networker.swift */,
			);
			path = Utilities;
			sourceTree = "<group>";
		};
		F8AD125E2A9595C800F23364 /* Models */ = {
			isa = PBXGroup;
			children = (
				F8AD125F2A9595C800F23364 /* AppState.swift */,
			);
			path = Models;
			sourceTree = "<group>";
		};
		F8C4DB672A9D781000F54031 /* Controls */ = {
			isa = PBXGroup;
			children = (
				F8A8595B2AA7FCB9006B6A15 /* DayPicker.swift */,
				F8723B7E2A983C4E00B172BE /* Menus.swift */,
				F8C4DB682A9D781F00F54031 /* Toolbar.swift */,
			);
			path = Controls;
			sourceTree = "<group>";
		};
		F8F4D6672A96DC5000997F56 /* Templates */ = {
			isa = PBXGroup;
			children = (
				F850D7812A9ECD1600C2D13B /* Enums */,
				F8AD12612A9595C800F23364 /* EventLink.swift */,
				F8AD12602A9595C800F23364 /* Event.swift */,
				F8AD12622A9595C800F23364 /* Day.swift */,
			);
			path = Templates;
			sourceTree = "<group>";
		};
		F8FA314A2AA9557F00DD1BFA /* SettingsViews */ = {
			isa = PBXGroup;
			children = (
				F8F0DDCD2AA952CC0004F3B6 /* PreferencesView.swift */,
				F8FA314D2AA955F300DD1BFA /* ShowView.swift */,
			);
			path = SettingsViews;
			sourceTree = "<group>";
		};
/* End PBXGroup section */

/* Begin PBXNativeTarget section */
		F8AD12452A95946400F23364 /* OnThisDay */ = {
			isa = PBXNativeTarget;
			buildConfigurationList = F8AD12552A95946500F23364 /* Build configuration list for PBXNativeTarget "OnThisDay" */;
			buildPhases = (
				F8AD12422A95946400F23364 /* Sources */,
				F8AD12432A95946400F23364 /* Frameworks */,
				F8AD12442A95946400F23364 /* Resources */,
			);
			buildRules = (
			);
			dependencies = (
			);
			name = OnThisDay;
			productName = OnThisDay;
			productReference = F8AD12462A95946400F23364 /* OnThisDay.app */;
			productType = "com.apple.product-type.application";
		};
/* End PBXNativeTarget section */

/* Begin PBXProject section */
		F8AD123E2A95946400F23364 /* Project object */ = {
			isa = PBXProject;
			attributes = {
				BuildIndependentTargetsInParallel = 1;
				LastSwiftUpdateCheck = 1430;
				LastUpgradeCheck = 1430;
				TargetAttributes = {
					F8AD12452A95946400F23364 = {
						CreatedOnToolsVersion = 14.3.1;
					};
				};
			};
			buildConfigurationList = F8AD12412A95946400F23364 /* Build configuration list for PBXProject "OnThisDay" */;
			compatibilityVersion = "Xcode 14.0";
			developmentRegion = en;
			hasScannedForEncodings = 0;
			knownRegions = (
				en,
				Base,
			);
			mainGroup = F8AD123D2A95946400F23364;
			productRefGroup = F8AD12472A95946400F23364 /* Products */;
			projectDirPath = "";
			projectRoot = "";
			targets = (
				F8AD12452A95946400F23364 /* OnThisDay */,
			);
		};
/* End PBXProject section */

/* Begin PBXResourcesBuildPhase section */
		F8AD12442A95946400F23364 /* Resources */ = {
			isa = PBXResourcesBuildPhase;
			buildActionMask = 2147483647;
			files = (
				F8AD12512A95946500F23364 /* Preview Assets.xcassets in Resources */,
				F8AD124E2A95946500F23364 /* Assets.xcassets in Resources */,
			);
			runOnlyForDeploymentPostprocessing = 0;
		};
/* End PBXResourcesBuildPhase section */

/* Begin PBXSourcesBuildPhase section */
		F8AD12422A95946400F23364 /* Sources */ = {
			isa = PBXSourcesBuildPhase;
			buildActionMask = 2147483647;
			files = (
				F8AD12652A9595C800F23364 /* Networker.swift in Sources */,
				F8AD124C2A95946400F23364 /* ContentView.swift in Sources */,
				F8AD12682A9595C800F23364 /* EventLink.swift in Sources */,
				F8723B7D2A98359E00B172BE /* GridView.swift in Sources */,
				F8F4D66D2A96E4FF00997F56 /* EventView.swift in Sources */,
				F8A8595C2AA7FCB9006B6A15 /* DayPicker.swift in Sources */,
				F8F4D66B2A96E36300997F56 /* EventType.swift in Sources */,
				F8A8595F2AA81937006B6A15 /* DateButtonViewModifier.swift in Sources */,
				F8C4DB662A9D750B00F54031 /* DisplayMode.swift in Sources */,
				F8AD12642A9595C800F23364 /* String_decoded.swift in Sources */,
				F8AD12662A9595C800F23364 /* AppState.swift in Sources */,
				F8FA314E2AA955F300DD1BFA /* ShowView.swift in Sources */,
				F850D7832A9ECD2700C2D13B /* ViewMode.swift in Sources */,
				F8AD12692A9595C800F23364 /* Day.swift in Sources */,
				F8F0DDCE2AA952CC0004F3B6 /* PreferencesView.swift in Sources */,
				F8AD12632A9595C800F23364 /* SampleEvent.swift in Sources */,
				F8C4DB692A9D781F00F54031 /* Toolbar.swift in Sources */,
				F8C4DB6B2A9D7BFD00F54031 /* TableView.swift in Sources */,
				F8723B7F2A983C4E00B172BE /* Menus.swift in Sources */,
				F8F4D6692A96E35000997F56 /* SidebarView.swift in Sources */,
				F8AD12672A9595C800F23364 /* Event.swift in Sources */,
				F8AD124A2A95946400F23364 /* OnThisDayApp.swift in Sources */,
			);
			runOnlyForDeploymentPostprocessing = 0;
		};
/* End PBXSourcesBuildPhase section */

/* Begin XCBuildConfiguration section */
		F8AD12532A95946500F23364 /* Debug */ = {
			isa = XCBuildConfiguration;
			buildSettings = {
				ALWAYS_SEARCH_USER_PATHS = NO;
				CLANG_ANALYZER_NONNULL = YES;
				CLANG_ANALYZER_NUMBER_OBJECT_CONVERSION = YES_AGGRESSIVE;
				CLANG_CXX_LANGUAGE_STANDARD = "gnu++20";
				CLANG_ENABLE_MODULES = YES;
				CLANG_ENABLE_OBJC_ARC = YES;
				CLANG_ENABLE_OBJC_WEAK = YES;
				CLANG_WARN_BLOCK_CAPTURE_AUTORELEASING = YES;
				CLANG_WARN_BOOL_CONVERSION = YES;
				CLANG_WARN_COMMA = YES;
				CLANG_WARN_CONSTANT_CONVERSION = YES;
				CLANG_WARN_DEPRECATED_OBJC_IMPLEMENTATIONS = YES;
				CLANG_WARN_DIRECT_OBJC_ISA_USAGE = YES_ERROR;
				CLANG_WARN_DOCUMENTATION_COMMENTS = YES;
				CLANG_WARN_EMPTY_BODY = YES;
				CLANG_WARN_ENUM_CONVERSION = YES;
				CLANG_WARN_INFINITE_RECURSION = YES;
				CLANG_WARN_INT_CONVERSION = YES;
				CLANG_WARN_NON_LITERAL_NULL_CONVERSION = YES;
				CLANG_WARN_OBJC_IMPLICIT_RETAIN_SELF = YES;
				CLANG_WARN_OBJC_LITERAL_CONVERSION = YES;
				CLANG_WARN_OBJC_ROOT_CLASS = YES_ERROR;
				CLANG_WARN_QUOTED_INCLUDE_IN_FRAMEWORK_HEADER = YES;
				CLANG_WARN_RANGE_LOOP_ANALYSIS = YES;
				CLANG_WARN_STRICT_PROTOTYPES = YES;
				CLANG_WARN_SUSPICIOUS_MOVE = YES;
				CLANG_WARN_UNGUARDED_AVAILABILITY = YES_AGGRESSIVE;
				CLANG_WARN_UNREACHABLE_CODE = YES;
				CLANG_WARN__DUPLICATE_METHOD_MATCH = YES;
				COPY_PHASE_STRIP = NO;
				DEBUG_INFORMATION_FORMAT = dwarf;
				ENABLE_STRICT_OBJC_MSGSEND = YES;
				ENABLE_TESTABILITY = YES;
				GCC_C_LANGUAGE_STANDARD = gnu11;
				GCC_DYNAMIC_NO_PIC = NO;
				GCC_NO_COMMON_BLOCKS = YES;
				GCC_OPTIMIZATION_LEVEL = 0;
				GCC_PREPROCESSOR_DEFINITIONS = (
					"DEBUG=1",
					"$(inherited)",
				);
				GCC_WARN_64_TO_32_BIT_CONVERSION = YES;
				GCC_WARN_ABOUT_RETURN_TYPE = YES_ERROR;
				GCC_WARN_UNDECLARED_SELECTOR = YES;
				GCC_WARN_UNINITIALIZED_AUTOS = YES_AGGRESSIVE;
				GCC_WARN_UNUSED_FUNCTION = YES;
				GCC_WARN_UNUSED_VARIABLE = YES;
				MACOSX_DEPLOYMENT_TARGET = 13.3;
				MTL_ENABLE_DEBUG_INFO = INCLUDE_SOURCE;
				MTL_FAST_MATH = YES;
				ONLY_ACTIVE_ARCH = YES;
				SDKROOT = macosx;
				SWIFT_ACTIVE_COMPILATION_CONDITIONS = DEBUG;
				SWIFT_OPTIMIZATION_LEVEL = "-Onone";
			};
			name = Debug;
		};
		F8AD12542A95946500F23364 /* Release */ = {
			isa = XCBuildConfiguration;
			buildSettings = {
				ALWAYS_SEARCH_USER_PATHS = NO;
				CLANG_ANALYZER_NONNULL = YES;
				CLANG_ANALYZER_NUMBER_OBJECT_CONVERSION = YES_AGGRESSIVE;
				CLANG_CXX_LANGUAGE_STANDARD = "gnu++20";
				CLANG_ENABLE_MODULES = YES;
				CLANG_ENABLE_OBJC_ARC = YES;
				CLANG_ENABLE_OBJC_WEAK = YES;
				CLANG_WARN_BLOCK_CAPTURE_AUTORELEASING = YES;
				CLANG_WARN_BOOL_CONVERSION = YES;
				CLANG_WARN_COMMA = YES;
				CLANG_WARN_CONSTANT_CONVERSION = YES;
				CLANG_WARN_DEPRECATED_OBJC_IMPLEMENTATIONS = YES;
				CLANG_WARN_DIRECT_OBJC_ISA_USAGE = YES_ERROR;
				CLANG_WARN_DOCUMENTATION_COMMENTS = YES;
				CLANG_WARN_EMPTY_BODY = YES;
				CLANG_WARN_ENUM_CONVERSION = YES;
				CLANG_WARN_INFINITE_RECURSION = YES;
				CLANG_WARN_INT_CONVERSION = YES;
				CLANG_WARN_NON_LITERAL_NULL_CONVERSION = YES;
				CLANG_WARN_OBJC_IMPLICIT_RETAIN_SELF = YES;
				CLANG_WARN_OBJC_LITERAL_CONVERSION = YES;
				CLANG_WARN_OBJC_ROOT_CLASS = YES_ERROR;
				CLANG_WARN_QUOTED_INCLUDE_IN_FRAMEWORK_HEADER = YES;
				CLANG_WARN_RANGE_LOOP_ANALYSIS = YES;
				CLANG_WARN_STRICT_PROTOTYPES = YES;
				CLANG_WARN_SUSPICIOUS_MOVE = YES;
				CLANG_WARN_UNGUARDED_AVAILABILITY = YES_AGGRESSIVE;
				CLANG_WARN_UNREACHABLE_CODE = YES;
				CLANG_WARN__DUPLICATE_METHOD_MATCH = YES;
				COPY_PHASE_STRIP = NO;
				DEBUG_INFORMATION_FORMAT = "dwarf-with-dsym";
				ENABLE_NS_ASSERTIONS = NO;
				ENABLE_STRICT_OBJC_MSGSEND = YES;
				GCC_C_LANGUAGE_STANDARD = gnu11;
				GCC_NO_COMMON_BLOCKS = YES;
				GCC_WARN_64_TO_32_BIT_CONVERSION = YES;
				GCC_WARN_ABOUT_RETURN_TYPE = YES_ERROR;
				GCC_WARN_UNDECLARED_SELECTOR = YES;
				GCC_WARN_UNINITIALIZED_AUTOS = YES_AGGRESSIVE;
				GCC_WARN_UNUSED_FUNCTION = YES;
				GCC_WARN_UNUSED_VARIABLE = YES;
				MACOSX_DEPLOYMENT_TARGET = 13.3;
				MTL_ENABLE_DEBUG_INFO = NO;
				MTL_FAST_MATH = YES;
				SDKROOT = macosx;
				SWIFT_COMPILATION_MODE = wholemodule;
				SWIFT_OPTIMIZATION_LEVEL = "-O";
			};
			name = Release;
		};
		F8AD12562A95946500F23364 /* Debug */ = {
			isa = XCBuildConfiguration;
			buildSettings = {
				ASSETCATALOG_COMPILER_APPICON_NAME = AppIcon;
				ASSETCATALOG_COMPILER_GLOBAL_ACCENT_COLOR_NAME = AccentColor;
				CODE_SIGN_ENTITLEMENTS = OnThisDay/OnThisDay.entitlements;
				CODE_SIGN_STYLE = Automatic;
				COMBINE_HIDPI_IMAGES = YES;
				CURRENT_PROJECT_VERSION = 1;
				DEVELOPMENT_ASSET_PATHS = "\"OnThisDay/Preview Content\"";
				DEVELOPMENT_TEAM = VJ2UHY4TW3;
				ENABLE_HARDENED_RUNTIME = YES;
				ENABLE_PREVIEWS = YES;
				GENERATE_INFOPLIST_FILE = YES;
				INFOPLIST_KEY_NSHumanReadableCopyright = "";
				LD_RUNPATH_SEARCH_PATHS = (
					"$(inherited)",
					"@executable_path/../Frameworks",
				);
				MARKETING_VERSION = 1.0;
				PRODUCT_BUNDLE_IDENTIFIER = com.pableiros.OnThisDay;
				PRODUCT_NAME = "$(TARGET_NAME)";
				SWIFT_EMIT_LOC_STRINGS = YES;
				SWIFT_VERSION = 5.0;
			};
			name = Debug;
		};
		F8AD12572A95946500F23364 /* Release */ = {
			isa = XCBuildConfiguration;
			buildSettings = {
				ASSETCATALOG_COMPILER_APPICON_NAME = AppIcon;
				ASSETCATALOG_COMPILER_GLOBAL_ACCENT_COLOR_NAME = AccentColor;
				CODE_SIGN_ENTITLEMENTS = OnThisDay/OnThisDay.entitlements;
				CODE_SIGN_STYLE = Automatic;
				COMBINE_HIDPI_IMAGES = YES;
				CURRENT_PROJECT_VERSION = 1;
				DEVELOPMENT_ASSET_PATHS = "\"OnThisDay/Preview Content\"";
				DEVELOPMENT_TEAM = VJ2UHY4TW3;
				ENABLE_HARDENED_RUNTIME = YES;
				ENABLE_PREVIEWS = YES;
				GENERATE_INFOPLIST_FILE = YES;
				INFOPLIST_KEY_NSHumanReadableCopyright = "";
				LD_RUNPATH_SEARCH_PATHS = (
					"$(inherited)",
					"@executable_path/../Frameworks",
				);
				MARKETING_VERSION = 1.0;
				PRODUCT_BUNDLE_IDENTIFIER = com.pableiros.OnThisDay;
				PRODUCT_NAME = "$(TARGET_NAME)";
				SWIFT_EMIT_LOC_STRINGS = YES;
				SWIFT_VERSION = 5.0;
			};
			name = Release;
		};
/* End XCBuildConfiguration section */

/* Begin XCConfigurationList section */
		F8AD12412A95946400F23364 /* Build configuration list for PBXProject "OnThisDay" */ = {
			isa = XCConfigurationList;
			buildConfigurations = (
				F8AD12532A95946500F23364 /* Debug */,
				F8AD12542A95946500F23364 /* Release */,
			);
			defaultConfigurationIsVisible = 0;
			defaultConfigurationName = Release;
		};
		F8AD12552A95946500F23364 /* Build configuration list for PBXNativeTarget "OnThisDay" */ = {
			isa = XCConfigurationList;
			buildConfigurations = (
				F8AD12562A95946500F23364 /* Debug */,
				F8AD12572A95946500F23364 /* Release */,
			);
			defaultConfigurationIsVisible = 0;
			defaultConfigurationName = Release;
		};
/* End XCConfigurationList section */
	};
	rootObject = F8AD123E2A95946400F23364 /* Project object */;
}
