// !$*UTF8*$!
{
	archiveVersion = 1;
	classes = {
	};
	objectVersion = 56;
	objects = {

/* Begin PBXBuildFile section */
		F815D3302A9299D0009656B8 /* SettingsView.swift in Sources */ = {isa = PBXBuildFile; fileRef = F815D32F2A9299D0009656B8 /* SettingsView.swift */; };
		F815D3322A929AF0009656B8 /* SettingsSectionContainer.swift in Sources */ = {isa = PBXBuildFile; fileRef = F815D3312A929AF0009656B8 /* SettingsSectionContainer.swift */; };
		F815D3342A929AF7009656B8 /* SettingsTitleRowContainer.swift in Sources */ = {isa = PBXBuildFile; fileRef = F815D3332A929AF7009656B8 /* SettingsTitleRowContainer.swift */; };
		F815D33B2A929E32009656B8 /* SettingsTitleValueRowContainer.swift in Sources */ = {isa = PBXBuildFile; fileRef = F815D33A2A929E32009656B8 /* SettingsTitleValueRowContainer.swift */; };
		F815D33D2A929E61009656B8 /* SettingsToggleRowContainer.swift in Sources */ = {isa = PBXBuildFile; fileRef = F815D33C2A929E61009656B8 /* SettingsToggleRowContainer.swift */; };
		F815D3402A92A513009656B8 /* SettingsIcon.swift in Sources */ = {isa = PBXBuildFile; fileRef = F815D33F2A92A513009656B8 /* SettingsIcon.swift */; };
		F815D3422A92A6CC009656B8 /* SettingsTitle.swift in Sources */ = {isa = PBXBuildFile; fileRef = F815D3412A92A6CC009656B8 /* SettingsTitle.swift */; };
		F815D3442A92A770009656B8 /* SettingsCell.swift in Sources */ = {isa = PBXBuildFile; fileRef = F815D3432A92A770009656B8 /* SettingsCell.swift */; };
		F815D3482A92ACF4009656B8 /* SettingsAccountCell.swift in Sources */ = {isa = PBXBuildFile; fileRef = F815D3472A92ACF4009656B8 /* SettingsAccountCell.swift */; };
		F838C8BF2A993B7300D0374A /* BaseFoundationiOS in Frameworks */ = {isa = PBXBuildFile; productRef = F838C8BE2A993B7300D0374A /* BaseFoundationiOS */; };
		F838C8C12A993BC500D0374A /* CityView.swift in Sources */ = {isa = PBXBuildFile; fileRef = F838C8C02A993BC500D0374A /* CityView.swift */; };
		F838C8C42A993CFE00D0374A /* CityType.swift in Sources */ = {isa = PBXBuildFile; fileRef = F838C8C32A993CFE00D0374A /* CityType.swift */; };
		F86ACE472A9003A9000FEF1C /* ParkingSpot.swift in Sources */ = {isa = PBXBuildFile; fileRef = F86ACE462A9003A9000FEF1C /* ParkingSpot.swift */; };
		F86ACE492A9004B2000FEF1C /* City.swift in Sources */ = {isa = PBXBuildFile; fileRef = F86ACE482A9004B2000FEF1C /* City.swift */; };
		F86ACE4B2A90052E000FEF1C /* ParkingSpotShowcaseView.swift in Sources */ = {isa = PBXBuildFile; fileRef = F86ACE4A2A90052E000FEF1C /* ParkingSpotShowcaseView.swift */; };
		F86ACE4F2A90058C000FEF1C /* BinaryFloatingPointExtension.swift in Sources */ = {isa = PBXBuildFile; fileRef = F86ACE4E2A90058C000FEF1C /* BinaryFloatingPointExtension.swift */; };
		F86ACE512A9006EA000FEF1C /* ClosedRangeExtension.swift in Sources */ = {isa = PBXBuildFile; fileRef = F86ACE502A9006EA000FEF1C /* ClosedRangeExtension.swift */; };
		F898A7D52A86B12C00DEAF60 /* BaseFoundationAppApp.swift in Sources */ = {isa = PBXBuildFile; fileRef = F898A7D42A86B12C00DEAF60 /* BaseFoundationAppApp.swift */; };
		F898A7D72A86B12C00DEAF60 /* ContentView.swift in Sources */ = {isa = PBXBuildFile; fileRef = F898A7D62A86B12C00DEAF60 /* ContentView.swift */; };
		F898A7D92A86B12E00DEAF60 /* Assets.xcassets in Resources */ = {isa = PBXBuildFile; fileRef = F898A7D82A86B12E00DEAF60 /* Assets.xcassets */; };
		F898A7DD2A86B12E00DEAF60 /* Preview Assets.xcassets in Resources */ = {isa = PBXBuildFile; fileRef = F898A7DC2A86B12E00DEAF60 /* Preview Assets.xcassets */; };
		F898A7E62A86B1E700DEAF60 /* DetailedMapView.swift in Sources */ = {isa = PBXBuildFile; fileRef = F898A7E52A86B1E700DEAF60 /* DetailedMapView.swift */; };
/* End PBXBuildFile section */

/* Begin PBXCopyFilesBuildPhase section */
		F81865D22A88273D00179628 /* Embed Watch Content */ = {
			isa = PBXCopyFilesBuildPhase;
			buildActionMask = 2147483647;
			dstPath = "$(CONTENTS_FOLDER_PATH)/Watch";
			dstSubfolderSpec = 16;
			files = (
			);
			name = "Embed Watch Content";
			runOnlyForDeploymentPostprocessing = 0;
		};
/* End PBXCopyFilesBuildPhase section */

/* Begin PBXFileReference section */
		F815D32F2A9299D0009656B8 /* SettingsView.swift */ = {isa = PBXFileReference; lastKnownFileType = sourcecode.swift; path = SettingsView.swift; sourceTree = "<group>"; };
		F815D3312A929AF0009656B8 /* SettingsSectionContainer.swift */ = {isa = PBXFileReference; lastKnownFileType = sourcecode.swift; path = SettingsSectionContainer.swift; sourceTree = "<group>"; };
		F815D3332A929AF7009656B8 /* SettingsTitleRowContainer.swift */ = {isa = PBXFileReference; lastKnownFileType = sourcecode.swift; path = SettingsTitleRowContainer.swift; sourceTree = "<group>"; };
		F815D33A2A929E32009656B8 /* SettingsTitleValueRowContainer.swift */ = {isa = PBXFileReference; lastKnownFileType = sourcecode.swift; path = SettingsTitleValueRowContainer.swift; sourceTree = "<group>"; };
		F815D33C2A929E61009656B8 /* SettingsToggleRowContainer.swift */ = {isa = PBXFileReference; lastKnownFileType = sourcecode.swift; path = SettingsToggleRowContainer.swift; sourceTree = "<group>"; };
		F815D33F2A92A513009656B8 /* SettingsIcon.swift */ = {isa = PBXFileReference; lastKnownFileType = sourcecode.swift; path = SettingsIcon.swift; sourceTree = "<group>"; };
		F815D3412A92A6CC009656B8 /* SettingsTitle.swift */ = {isa = PBXFileReference; lastKnownFileType = sourcecode.swift; path = SettingsTitle.swift; sourceTree = "<group>"; };
		F815D3432A92A770009656B8 /* SettingsCell.swift */ = {isa = PBXFileReference; lastKnownFileType = sourcecode.swift; path = SettingsCell.swift; sourceTree = "<group>"; };
		F815D3472A92ACF4009656B8 /* SettingsAccountCell.swift */ = {isa = PBXFileReference; lastKnownFileType = sourcecode.swift; path = SettingsAccountCell.swift; sourceTree = "<group>"; };
		F81865BD2A88273C00179628 /* BaseFoundationWatchApp.app */ = {isa = PBXFileReference; explicitFileType = wrapper.application; includeInIndex = 0; path = BaseFoundationWatchApp.app; sourceTree = BUILT_PRODUCTS_DIR; };
		F838C8C02A993BC500D0374A /* CityView.swift */ = {isa = PBXFileReference; lastKnownFileType = sourcecode.swift; path = CityView.swift; sourceTree = "<group>"; };
		F838C8C32A993CFE00D0374A /* CityType.swift */ = {isa = PBXFileReference; lastKnownFileType = sourcecode.swift; path = CityType.swift; sourceTree = "<group>"; };
		F86ACE462A9003A9000FEF1C /* ParkingSpot.swift */ = {isa = PBXFileReference; lastKnownFileType = sourcecode.swift; path = ParkingSpot.swift; sourceTree = "<group>"; };
		F86ACE482A9004B2000FEF1C /* City.swift */ = {isa = PBXFileReference; lastKnownFileType = sourcecode.swift; path = City.swift; sourceTree = "<group>"; };
		F86ACE4A2A90052E000FEF1C /* ParkingSpotShowcaseView.swift */ = {isa = PBXFileReference; lastKnownFileType = sourcecode.swift; path = ParkingSpotShowcaseView.swift; sourceTree = "<group>"; };
		F86ACE4E2A90058C000FEF1C /* BinaryFloatingPointExtension.swift */ = {isa = PBXFileReference; lastKnownFileType = sourcecode.swift; path = BinaryFloatingPointExtension.swift; sourceTree = "<group>"; };
		F86ACE502A9006EA000FEF1C /* ClosedRangeExtension.swift */ = {isa = PBXFileReference; lastKnownFileType = sourcecode.swift; path = ClosedRangeExtension.swift; sourceTree = "<group>"; };
		F898A7D12A86B12C00DEAF60 /* BaseFoundationApp.app */ = {isa = PBXFileReference; explicitFileType = wrapper.application; includeInIndex = 0; path = BaseFoundationApp.app; sourceTree = BUILT_PRODUCTS_DIR; };
		F898A7D42A86B12C00DEAF60 /* BaseFoundationAppApp.swift */ = {isa = PBXFileReference; lastKnownFileType = sourcecode.swift; path = BaseFoundationAppApp.swift; sourceTree = "<group>"; };
		F898A7D62A86B12C00DEAF60 /* ContentView.swift */ = {isa = PBXFileReference; lastKnownFileType = sourcecode.swift; path = ContentView.swift; sourceTree = "<group>"; };
		F898A7D82A86B12E00DEAF60 /* Assets.xcassets */ = {isa = PBXFileReference; lastKnownFileType = folder.assetcatalog; path = Assets.xcassets; sourceTree = "<group>"; };
		F898A7DA2A86B12E00DEAF60 /* BaseFoundationApp.entitlements */ = {isa = PBXFileReference; lastKnownFileType = text.plist.entitlements; path = BaseFoundationApp.entitlements; sourceTree = "<group>"; };
		F898A7DC2A86B12E00DEAF60 /* Preview Assets.xcassets */ = {isa = PBXFileReference; lastKnownFileType = folder.assetcatalog; path = "Preview Assets.xcassets"; sourceTree = "<group>"; };
		F898A7E52A86B1E700DEAF60 /* DetailedMapView.swift */ = {isa = PBXFileReference; lastKnownFileType = sourcecode.swift; path = DetailedMapView.swift; sourceTree = "<group>"; };
/* End PBXFileReference section */

/* Begin PBXFrameworksBuildPhase section */
		F898A7CE2A86B12C00DEAF60 /* Frameworks */ = {
			isa = PBXFrameworksBuildPhase;
			buildActionMask = 2147483647;
			files = (
				F838C8BF2A993B7300D0374A /* BaseFoundationiOS in Frameworks */,
			);
			runOnlyForDeploymentPostprocessing = 0;
		};
/* End PBXFrameworksBuildPhase section */

/* Begin PBXGroup section */
		F815D3352A929B21009656B8 /* Structs */ = {
			isa = PBXGroup;
			children = (
				F86ACE462A9003A9000FEF1C /* ParkingSpot.swift */,
				F86ACE482A9004B2000FEF1C /* City.swift */,
			);
			path = Structs;
			sourceTree = "<group>";
		};
		F815D3392A929D71009656B8 /* Containers */ = {
			isa = PBXGroup;
			children = (
				F815D3312A929AF0009656B8 /* SettingsSectionContainer.swift */,
				F815D3332A929AF7009656B8 /* SettingsTitleRowContainer.swift */,
				F815D33A2A929E32009656B8 /* SettingsTitleValueRowContainer.swift */,
				F815D33C2A929E61009656B8 /* SettingsToggleRowContainer.swift */,
			);
			path = Containers;
			sourceTree = "<group>";
		};
		F815D33E2A92A503009656B8 /* SettingsView */ = {
			isa = PBXGroup;
			children = (
				F815D32F2A9299D0009656B8 /* SettingsView.swift */,
				F815D33F2A92A513009656B8 /* SettingsIcon.swift */,
				F815D3412A92A6CC009656B8 /* SettingsTitle.swift */,
				F815D3432A92A770009656B8 /* SettingsCell.swift */,
				F815D3472A92ACF4009656B8 /* SettingsAccountCell.swift */,
			);
			path = SettingsView;
			sourceTree = "<group>";
		};
		F81865D72A8827E600179628 /* Frameworks */ = {
			isa = PBXGroup;
			children = (
			);
			name = Frameworks;
			sourceTree = "<group>";
		};
		F838C8C22A993CF600D0374A /* Enums */ = {
			isa = PBXGroup;
			children = (
				F838C8C32A993CFE00D0374A /* CityType.swift */,
			);
			path = Enums;
			sourceTree = "<group>";
		};
		F86ACE452A9003A0000FEF1C /* Templates */ = {
			isa = PBXGroup;
			children = (
				F838C8C22A993CF600D0374A /* Enums */,
				F815D3392A929D71009656B8 /* Containers */,
				F815D3352A929B21009656B8 /* Structs */,
			);
			path = Templates;
			sourceTree = "<group>";
		};
		F86ACE4D2A900576000FEF1C /* Common */ = {
			isa = PBXGroup;
			children = (
				F86ACE4E2A90058C000FEF1C /* BinaryFloatingPointExtension.swift */,
				F86ACE502A9006EA000FEF1C /* ClosedRangeExtension.swift */,
			);
			path = Common;
			sourceTree = "<group>";
		};
		F898A7C82A86B12C00DEAF60 = {
			isa = PBXGroup;
			children = (
				F898A7D32A86B12C00DEAF60 /* BaseFoundationApp */,
				F898A7D22A86B12C00DEAF60 /* Products */,
				F81865D72A8827E600179628 /* Frameworks */,
			);
			sourceTree = "<group>";
		};
		F898A7D22A86B12C00DEAF60 /* Products */ = {
			isa = PBXGroup;
			children = (
				F898A7D12A86B12C00DEAF60 /* BaseFoundationApp.app */,
				F81865BD2A88273C00179628 /* BaseFoundationWatchApp.app */,
			);
			name = Products;
			sourceTree = "<group>";
		};
		F898A7D32A86B12C00DEAF60 /* BaseFoundationApp */ = {
			isa = PBXGroup;
			children = (
				F86ACE4D2A900576000FEF1C /* Common */,
				F86ACE452A9003A0000FEF1C /* Templates */,
				F898A7DB2A86B12E00DEAF60 /* Preview Content */,
				F898A7E32A86B13300DEAF60 /* SupportingFiles */,
				F898A7E42A86B14100DEAF60 /* Views */,
			);
			path = BaseFoundationApp;
			sourceTree = "<group>";
		};
		F898A7DB2A86B12E00DEAF60 /* Preview Content */ = {
			isa = PBXGroup;
			children = (
				F898A7DC2A86B12E00DEAF60 /* Preview Assets.xcassets */,
			);
			path = "Preview Content";
			sourceTree = "<group>";
		};
		F898A7E32A86B13300DEAF60 /* SupportingFiles */ = {
			isa = PBXGroup;
			children = (
				F898A7DA2A86B12E00DEAF60 /* BaseFoundationApp.entitlements */,
				F898A7D42A86B12C00DEAF60 /* BaseFoundationAppApp.swift */,
				F898A7D82A86B12E00DEAF60 /* Assets.xcassets */,
			);
			path = SupportingFiles;
			sourceTree = "<group>";
		};
		F898A7E42A86B14100DEAF60 /* Views */ = {
			isa = PBXGroup;
			children = (
				F815D33E2A92A503009656B8 /* SettingsView */,
				F898A7D62A86B12C00DEAF60 /* ContentView.swift */,
				F898A7E52A86B1E700DEAF60 /* DetailedMapView.swift */,
				F86ACE4A2A90052E000FEF1C /* ParkingSpotShowcaseView.swift */,
				F838C8C02A993BC500D0374A /* CityView.swift */,
			);
			path = Views;
			sourceTree = "<group>";
		};
/* End PBXGroup section */

/* Begin PBXNativeTarget section */
		F81865BC2A88273C00179628 /* BaseFoundationWatchApp */ = {
			isa = PBXNativeTarget;
			buildConfigurationList = F81865D62A88273D00179628 /* Build configuration list for PBXNativeTarget "BaseFoundationWatchApp" */;
			buildPhases = (
				F81865BB2A88273C00179628 /* Resources */,
				F81865D22A88273D00179628 /* Embed Watch Content */,
			);
			buildRules = (
			);
			dependencies = (
			);
			name = BaseFoundationWatchApp;
			productName = BaseFoundationWatchApp;
			productReference = F81865BD2A88273C00179628 /* BaseFoundationWatchApp.app */;
			productType = "com.apple.product-type.application.watchapp2-container";
		};
		F898A7D02A86B12C00DEAF60 /* BaseFoundationApp */ = {
			isa = PBXNativeTarget;
			buildConfigurationList = F898A7E02A86B12E00DEAF60 /* Build configuration list for PBXNativeTarget "BaseFoundationApp" */;
			buildPhases = (
				F898A7CD2A86B12C00DEAF60 /* Sources */,
				F898A7CE2A86B12C00DEAF60 /* Frameworks */,
				F898A7CF2A86B12C00DEAF60 /* Resources */,
			);
			buildRules = (
			);
			dependencies = (
			);
			name = BaseFoundationApp;
			packageProductDependencies = (
				F838C8BE2A993B7300D0374A /* BaseFoundationiOS */,
			);
			productName = BaseFoundationApp;
			productReference = F898A7D12A86B12C00DEAF60 /* BaseFoundationApp.app */;
			productType = "com.apple.product-type.application";
		};
/* End PBXNativeTarget section */

/* Begin PBXProject section */
		F898A7C92A86B12C00DEAF60 /* Project object */ = {
			isa = PBXProject;
			attributes = {
				BuildIndependentTargetsInParallel = 1;
				LastSwiftUpdateCheck = 1430;
				LastUpgradeCheck = 1430;
				TargetAttributes = {
					F81865BC2A88273C00179628 = {
						CreatedOnToolsVersion = 14.3.1;
					};
					F898A7D02A86B12C00DEAF60 = {
						CreatedOnToolsVersion = 14.3.1;
					};
				};
			};
			buildConfigurationList = F898A7CC2A86B12C00DEAF60 /* Build configuration list for PBXProject "BaseFoundationApp" */;
			compatibilityVersion = "Xcode 14.0";
			developmentRegion = en;
			hasScannedForEncodings = 0;
			knownRegions = (
				en,
				Base,
			);
			mainGroup = F898A7C82A86B12C00DEAF60;
			packageReferences = (
				F838C8BD2A993B7300D0374A /* XCRemoteSwiftPackageReference "base-foundation-ios" */,
			);
			productRefGroup = F898A7D22A86B12C00DEAF60 /* Products */;
			projectDirPath = "";
			projectRoot = "";
			targets = (
				F898A7D02A86B12C00DEAF60 /* BaseFoundationApp */,
				F81865BC2A88273C00179628 /* BaseFoundationWatchApp */,
			);
		};
/* End PBXProject section */

/* Begin PBXResourcesBuildPhase section */
		F81865BB2A88273C00179628 /* Resources */ = {
			isa = PBXResourcesBuildPhase;
			buildActionMask = 2147483647;
			files = (
			);
			runOnlyForDeploymentPostprocessing = 0;
		};
		F898A7CF2A86B12C00DEAF60 /* Resources */ = {
			isa = PBXResourcesBuildPhase;
			buildActionMask = 2147483647;
			files = (
				F898A7DD2A86B12E00DEAF60 /* Preview Assets.xcassets in Resources */,
				F898A7D92A86B12E00DEAF60 /* Assets.xcassets in Resources */,
			);
			runOnlyForDeploymentPostprocessing = 0;
		};
/* End PBXResourcesBuildPhase section */

/* Begin PBXSourcesBuildPhase section */
		F898A7CD2A86B12C00DEAF60 /* Sources */ = {
			isa = PBXSourcesBuildPhase;
			buildActionMask = 2147483647;
			files = (
				F815D3482A92ACF4009656B8 /* SettingsAccountCell.swift in Sources */,
				F815D3422A92A6CC009656B8 /* SettingsTitle.swift in Sources */,
				F815D33B2A929E32009656B8 /* SettingsTitleValueRowContainer.swift in Sources */,
				F815D3442A92A770009656B8 /* SettingsCell.swift in Sources */,
				F86ACE4F2A90058C000FEF1C /* BinaryFloatingPointExtension.swift in Sources */,
				F86ACE512A9006EA000FEF1C /* ClosedRangeExtension.swift in Sources */,
				F86ACE4B2A90052E000FEF1C /* ParkingSpotShowcaseView.swift in Sources */,
				F838C8C12A993BC500D0374A /* CityView.swift in Sources */,
				F815D33D2A929E61009656B8 /* SettingsToggleRowContainer.swift in Sources */,
				F815D3302A9299D0009656B8 /* SettingsView.swift in Sources */,
				F898A7D72A86B12C00DEAF60 /* ContentView.swift in Sources */,
				F86ACE492A9004B2000FEF1C /* City.swift in Sources */,
				F898A7E62A86B1E700DEAF60 /* DetailedMapView.swift in Sources */,
				F86ACE472A9003A9000FEF1C /* ParkingSpot.swift in Sources */,
				F815D3342A929AF7009656B8 /* SettingsTitleRowContainer.swift in Sources */,
				F815D3322A929AF0009656B8 /* SettingsSectionContainer.swift in Sources */,
				F815D3402A92A513009656B8 /* SettingsIcon.swift in Sources */,
				F838C8C42A993CFE00D0374A /* CityType.swift in Sources */,
				F898A7D52A86B12C00DEAF60 /* BaseFoundationAppApp.swift in Sources */,
			);
			runOnlyForDeploymentPostprocessing = 0;
		};
/* End PBXSourcesBuildPhase section */

/* Begin XCBuildConfiguration section */
		F81865D02A88273D00179628 /* Debug */ = {
			isa = XCBuildConfiguration;
			buildSettings = {
				ALWAYS_EMBED_SWIFT_STANDARD_LIBRARIES = YES;
				CODE_SIGN_STYLE = Automatic;
				CURRENT_PROJECT_VERSION = 1;
				DEVELOPMENT_TEAM = VJ2UHY4TW3;
				INFOPLIST_KEY_CFBundleDisplayName = BaseFoundationWatchApp;
				MARKETING_VERSION = 1.0;
				PRODUCT_BUNDLE_IDENTIFIER = com.pableiros.BaseFoundationWatchApp;
				PRODUCT_NAME = "$(TARGET_NAME)";
				SDKROOT = iphoneos;
				SWIFT_VERSION = 5.0;
			};
			name = Debug;
		};
		F81865D12A88273D00179628 /* Release */ = {
			isa = XCBuildConfiguration;
			buildSettings = {
				ALWAYS_EMBED_SWIFT_STANDARD_LIBRARIES = YES;
				CODE_SIGN_STYLE = Automatic;
				CURRENT_PROJECT_VERSION = 1;
				DEVELOPMENT_TEAM = VJ2UHY4TW3;
				INFOPLIST_KEY_CFBundleDisplayName = BaseFoundationWatchApp;
				MARKETING_VERSION = 1.0;
				PRODUCT_BUNDLE_IDENTIFIER = com.pableiros.BaseFoundationWatchApp;
				PRODUCT_NAME = "$(TARGET_NAME)";
				SDKROOT = iphoneos;
				SWIFT_VERSION = 5.0;
				VALIDATE_PRODUCT = YES;
			};
			name = Release;
		};
		F898A7DE2A86B12E00DEAF60 /* Debug */ = {
			isa = XCBuildConfiguration;
			buildSettings = {
				ALWAYS_SEARCH_USER_PATHS = NO;
				CLANG_ANALYZER_NONNULL = YES;
				CLANG_ANALYZER_NUMBER_OBJECT_CONVERSION = YES_AGGRESSIVE;
				CLANG_CXX_LANGUAGE_STANDARD = "gnu++20";
				CLANG_ENABLE_MODULES = YES;
				CLANG_ENABLE_OBJC_ARC = YES;
				CLANG_ENABLE_OBJC_WEAK = YES;
				CLANG_WARN_BLOCK_CAPTURE_AUTORELEASING = YES;
				CLANG_WARN_BOOL_CONVERSION = YES;
				CLANG_WARN_COMMA = YES;
				CLANG_WARN_CONSTANT_CONVERSION = YES;
				CLANG_WARN_DEPRECATED_OBJC_IMPLEMENTATIONS = YES;
				CLANG_WARN_DIRECT_OBJC_ISA_USAGE = YES_ERROR;
				CLANG_WARN_DOCUMENTATION_COMMENTS = YES;
				CLANG_WARN_EMPTY_BODY = YES;
				CLANG_WARN_ENUM_CONVERSION = YES;
				CLANG_WARN_INFINITE_RECURSION = YES;
				CLANG_WARN_INT_CONVERSION = YES;
				CLANG_WARN_NON_LITERAL_NULL_CONVERSION = YES;
				CLANG_WARN_OBJC_IMPLICIT_RETAIN_SELF = YES;
				CLANG_WARN_OBJC_LITERAL_CONVERSION = YES;
				CLANG_WARN_OBJC_ROOT_CLASS = YES_ERROR;
				CLANG_WARN_QUOTED_INCLUDE_IN_FRAMEWORK_HEADER = YES;
				CLANG_WARN_RANGE_LOOP_ANALYSIS = YES;
				CLANG_WARN_STRICT_PROTOTYPES = YES;
				CLANG_WARN_SUSPICIOUS_MOVE = YES;
				CLANG_WARN_UNGUARDED_AVAILABILITY = YES_AGGRESSIVE;
				CLANG_WARN_UNREACHABLE_CODE = YES;
				CLANG_WARN__DUPLICATE_METHOD_MATCH = YES;
				COPY_PHASE_STRIP = NO;
				DEBUG_INFORMATION_FORMAT = dwarf;
				ENABLE_STRICT_OBJC_MSGSEND = YES;
				ENABLE_TESTABILITY = YES;
				GCC_C_LANGUAGE_STANDARD = gnu11;
				GCC_DYNAMIC_NO_PIC = NO;
				GCC_NO_COMMON_BLOCKS = YES;
				GCC_OPTIMIZATION_LEVEL = 0;
				GCC_PREPROCESSOR_DEFINITIONS = (
					"DEBUG=1",
					"$(inherited)",
				);
				GCC_WARN_64_TO_32_BIT_CONVERSION = YES;
				GCC_WARN_ABOUT_RETURN_TYPE = YES_ERROR;
				GCC_WARN_UNDECLARED_SELECTOR = YES;
				GCC_WARN_UNINITIALIZED_AUTOS = YES_AGGRESSIVE;
				GCC_WARN_UNUSED_FUNCTION = YES;
				GCC_WARN_UNUSED_VARIABLE = YES;
				MTL_ENABLE_DEBUG_INFO = INCLUDE_SOURCE;
				MTL_FAST_MATH = YES;
				ONLY_ACTIVE_ARCH = YES;
				SWIFT_ACTIVE_COMPILATION_CONDITIONS = DEBUG;
				SWIFT_OPTIMIZATION_LEVEL = "-Onone";
			};
			name = Debug;
		};
		F898A7DF2A86B12E00DEAF60 /* Release */ = {
			isa = XCBuildConfiguration;
			buildSettings = {
				ALWAYS_SEARCH_USER_PATHS = NO;
				CLANG_ANALYZER_NONNULL = YES;
				CLANG_ANALYZER_NUMBER_OBJECT_CONVERSION = YES_AGGRESSIVE;
				CLANG_CXX_LANGUAGE_STANDARD = "gnu++20";
				CLANG_ENABLE_MODULES = YES;
				CLANG_ENABLE_OBJC_ARC = YES;
				CLANG_ENABLE_OBJC_WEAK = YES;
				CLANG_WARN_BLOCK_CAPTURE_AUTORELEASING = YES;
				CLANG_WARN_BOOL_CONVERSION = YES;
				CLANG_WARN_COMMA = YES;
				CLANG_WARN_CONSTANT_CONVERSION = YES;
				CLANG_WARN_DEPRECATED_OBJC_IMPLEMENTATIONS = YES;
				CLANG_WARN_DIRECT_OBJC_ISA_USAGE = YES_ERROR;
				CLANG_WARN_DOCUMENTATION_COMMENTS = YES;
				CLANG_WARN_EMPTY_BODY = YES;
				CLANG_WARN_ENUM_CONVERSION = YES;
				CLANG_WARN_INFINITE_RECURSION = YES;
				CLANG_WARN_INT_CONVERSION = YES;
				CLANG_WARN_NON_LITERAL_NULL_CONVERSION = YES;
				CLANG_WARN_OBJC_IMPLICIT_RETAIN_SELF = YES;
				CLANG_WARN_OBJC_LITERAL_CONVERSION = YES;
				CLANG_WARN_OBJC_ROOT_CLASS = YES_ERROR;
				CLANG_WARN_QUOTED_INCLUDE_IN_FRAMEWORK_HEADER = YES;
				CLANG_WARN_RANGE_LOOP_ANALYSIS = YES;
				CLANG_WARN_STRICT_PROTOTYPES = YES;
				CLANG_WARN_SUSPICIOUS_MOVE = YES;
				CLANG_WARN_UNGUARDED_AVAILABILITY = YES_AGGRESSIVE;
				CLANG_WARN_UNREACHABLE_CODE = YES;
				CLANG_WARN__DUPLICATE_METHOD_MATCH = YES;
				COPY_PHASE_STRIP = NO;
				DEBUG_INFORMATION_FORMAT = "dwarf-with-dsym";
				ENABLE_NS_ASSERTIONS = NO;
				ENABLE_STRICT_OBJC_MSGSEND = YES;
				GCC_C_LANGUAGE_STANDARD = gnu11;
				GCC_NO_COMMON_BLOCKS = YES;
				GCC_WARN_64_TO_32_BIT_CONVERSION = YES;
				GCC_WARN_ABOUT_RETURN_TYPE = YES_ERROR;
				GCC_WARN_UNDECLARED_SELECTOR = YES;
				GCC_WARN_UNINITIALIZED_AUTOS = YES_AGGRESSIVE;
				GCC_WARN_UNUSED_FUNCTION = YES;
				GCC_WARN_UNUSED_VARIABLE = YES;
				MTL_ENABLE_DEBUG_INFO = NO;
				MTL_FAST_MATH = YES;
				SWIFT_COMPILATION_MODE = wholemodule;
				SWIFT_OPTIMIZATION_LEVEL = "-O";
			};
			name = Release;
		};
		F898A7E12A86B12E00DEAF60 /* Debug */ = {
			isa = XCBuildConfiguration;
			buildSettings = {
				ASSETCATALOG_COMPILER_APPICON_NAME = AppIcon;
				ASSETCATALOG_COMPILER_GLOBAL_ACCENT_COLOR_NAME = AccentColor;
				CODE_SIGN_ENTITLEMENTS = BaseFoundationApp/SupportingFiles/BaseFoundationApp.entitlements;
				CODE_SIGN_STYLE = Automatic;
				CURRENT_PROJECT_VERSION = 1;
				DEVELOPMENT_ASSET_PATHS = "\"BaseFoundationApp/Preview Content\"";
				DEVELOPMENT_TEAM = VJ2UHY4TW3;
				ENABLE_HARDENED_RUNTIME = YES;
				ENABLE_PREVIEWS = YES;
				GENERATE_INFOPLIST_FILE = YES;
				"INFOPLIST_KEY_UIApplicationSceneManifest_Generation[sdk=iphoneos*]" = YES;
				"INFOPLIST_KEY_UIApplicationSceneManifest_Generation[sdk=iphonesimulator*]" = YES;
				"INFOPLIST_KEY_UIApplicationSupportsIndirectInputEvents[sdk=iphoneos*]" = YES;
				"INFOPLIST_KEY_UIApplicationSupportsIndirectInputEvents[sdk=iphonesimulator*]" = YES;
				"INFOPLIST_KEY_UILaunchScreen_Generation[sdk=iphoneos*]" = YES;
				"INFOPLIST_KEY_UILaunchScreen_Generation[sdk=iphonesimulator*]" = YES;
				"INFOPLIST_KEY_UIStatusBarStyle[sdk=iphoneos*]" = UIStatusBarStyleDefault;
				"INFOPLIST_KEY_UIStatusBarStyle[sdk=iphonesimulator*]" = UIStatusBarStyleDefault;
				INFOPLIST_KEY_UISupportedInterfaceOrientations_iPad = "UIInterfaceOrientationPortrait UIInterfaceOrientationPortraitUpsideDown UIInterfaceOrientationLandscapeLeft UIInterfaceOrientationLandscapeRight";
				INFOPLIST_KEY_UISupportedInterfaceOrientations_iPhone = "UIInterfaceOrientationPortrait UIInterfaceOrientationLandscapeLeft UIInterfaceOrientationLandscapeRight";
				IPHONEOS_DEPLOYMENT_TARGET = 16.4;
				LD_RUNPATH_SEARCH_PATHS = "@executable_path/Frameworks";
				"LD_RUNPATH_SEARCH_PATHS[sdk=macosx*]" = "@executable_path/../Frameworks";
				MACOSX_DEPLOYMENT_TARGET = 13.3;
				MARKETING_VERSION = 1.0;
				PRODUCT_BUNDLE_IDENTIFIER = com.pableiros.BaseFoundationApp;
				PRODUCT_NAME = "$(TARGET_NAME)";
				SDKROOT = auto;
				SUPPORTED_PLATFORMS = "iphoneos iphonesimulator macosx";
				SWIFT_EMIT_LOC_STRINGS = YES;
				SWIFT_VERSION = 5.0;
				TARGETED_DEVICE_FAMILY = "1,2";
			};
			name = Debug;
		};
		F898A7E22A86B12E00DEAF60 /* Release */ = {
			isa = XCBuildConfiguration;
			buildSettings = {
				ASSETCATALOG_COMPILER_APPICON_NAME = AppIcon;
				ASSETCATALOG_COMPILER_GLOBAL_ACCENT_COLOR_NAME = AccentColor;
				CODE_SIGN_ENTITLEMENTS = BaseFoundationApp/SupportingFiles/BaseFoundationApp.entitlements;
				CODE_SIGN_STYLE = Automatic;
				CURRENT_PROJECT_VERSION = 1;
				DEVELOPMENT_ASSET_PATHS = "\"BaseFoundationApp/Preview Content\"";
				DEVELOPMENT_TEAM = VJ2UHY4TW3;
				ENABLE_HARDENED_RUNTIME = YES;
				ENABLE_PREVIEWS = YES;
				GENERATE_INFOPLIST_FILE = YES;
				"INFOPLIST_KEY_UIApplicationSceneManifest_Generation[sdk=iphoneos*]" = YES;
				"INFOPLIST_KEY_UIApplicationSceneManifest_Generation[sdk=iphonesimulator*]" = YES;
				"INFOPLIST_KEY_UIApplicationSupportsIndirectInputEvents[sdk=iphoneos*]" = YES;
				"INFOPLIST_KEY_UIApplicationSupportsIndirectInputEvents[sdk=iphonesimulator*]" = YES;
				"INFOPLIST_KEY_UILaunchScreen_Generation[sdk=iphoneos*]" = YES;
				"INFOPLIST_KEY_UILaunchScreen_Generation[sdk=iphonesimulator*]" = YES;
				"INFOPLIST_KEY_UIStatusBarStyle[sdk=iphoneos*]" = UIStatusBarStyleDefault;
				"INFOPLIST_KEY_UIStatusBarStyle[sdk=iphonesimulator*]" = UIStatusBarStyleDefault;
				INFOPLIST_KEY_UISupportedInterfaceOrientations_iPad = "UIInterfaceOrientationPortrait UIInterfaceOrientationPortraitUpsideDown UIInterfaceOrientationLandscapeLeft UIInterfaceOrientationLandscapeRight";
				INFOPLIST_KEY_UISupportedInterfaceOrientations_iPhone = "UIInterfaceOrientationPortrait UIInterfaceOrientationLandscapeLeft UIInterfaceOrientationLandscapeRight";
				IPHONEOS_DEPLOYMENT_TARGET = 16.4;
				LD_RUNPATH_SEARCH_PATHS = "@executable_path/Frameworks";
				"LD_RUNPATH_SEARCH_PATHS[sdk=macosx*]" = "@executable_path/../Frameworks";
				MACOSX_DEPLOYMENT_TARGET = 13.3;
				MARKETING_VERSION = 1.0;
				PRODUCT_BUNDLE_IDENTIFIER = com.pableiros.BaseFoundationApp;
				PRODUCT_NAME = "$(TARGET_NAME)";
				SDKROOT = auto;
				SUPPORTED_PLATFORMS = "iphoneos iphonesimulator macosx";
				SWIFT_EMIT_LOC_STRINGS = YES;
				SWIFT_VERSION = 5.0;
				TARGETED_DEVICE_FAMILY = "1,2";
			};
			name = Release;
		};
/* End XCBuildConfiguration section */

/* Begin XCConfigurationList section */
		F81865D62A88273D00179628 /* Build configuration list for PBXNativeTarget "BaseFoundationWatchApp" */ = {
			isa = XCConfigurationList;
			buildConfigurations = (
				F81865D02A88273D00179628 /* Debug */,
				F81865D12A88273D00179628 /* Release */,
			);
			defaultConfigurationIsVisible = 0;
			defaultConfigurationName = Release;
		};
		F898A7CC2A86B12C00DEAF60 /* Build configuration list for PBXProject "BaseFoundationApp" */ = {
			isa = XCConfigurationList;
			buildConfigurations = (
				F898A7DE2A86B12E00DEAF60 /* Debug */,
				F898A7DF2A86B12E00DEAF60 /* Release */,
			);
			defaultConfigurationIsVisible = 0;
			defaultConfigurationName = Release;
		};
		F898A7E02A86B12E00DEAF60 /* Build configuration list for PBXNativeTarget "BaseFoundationApp" */ = {
			isa = XCConfigurationList;
			buildConfigurations = (
				F898A7E12A86B12E00DEAF60 /* Debug */,
				F898A7E22A86B12E00DEAF60 /* Release */,
			);
			defaultConfigurationIsVisible = 0;
			defaultConfigurationName = Release;
		};
/* End XCConfigurationList section */

/* Begin XCRemoteSwiftPackageReference section */
		F838C8BD2A993B7300D0374A /* XCRemoteSwiftPackageReference "base-foundation-ios" */ = {
			isa = XCRemoteSwiftPackageReference;
			repositoryURL = "https://github.com/pableiros/base-foundation-ios";
			requirement = {
				kind = upToNextMajorVersion;
				minimumVersion = 0.11.0;
			};
		};
/* End XCRemoteSwiftPackageReference section */

/* Begin XCSwiftPackageProductDependency section */
		F838C8BE2A993B7300D0374A /* BaseFoundationiOS */ = {
			isa = XCSwiftPackageProductDependency;
			package = F838C8BD2A993B7300D0374A /* XCRemoteSwiftPackageReference "base-foundation-ios" */;
			productName = BaseFoundationiOS;
		};
/* End XCSwiftPackageProductDependency section */
	};
	rootObject = F898A7C92A86B12C00DEAF60 /* Project object */;
}
