// !$*UTF8*$!
{
	archiveVersion = 1;
	classes = {
	};
	objectVersion = 56;
	objects = {

/* Begin PBXBuildFile section */
		F828C1EF2AC225D7001DF26C /* HealthCategory.swift in Sources */ = {isa = PBXBuildFile; fileRef = F828C1EE2AC225D7001DF26C /* HealthCategory.swift */; };
		F828C1F12AC225E2001DF26C /* HealthCategoryProperties.swift in Sources */ = {isa = PBXBuildFile; fileRef = F828C1F02AC225E2001DF26C /* HealthCategoryProperties.swift */; };
		F828C1F42AC2267C001DF26C /* HealthCategoryCellView.swift in Sources */ = {isa = PBXBuildFile; fileRef = F828C1F32AC2267C001DF26C /* HealthCategoryCellView.swift */; };
		F84F8FA12ABE23A1008B48A5 /* HeartRateBPMView.swift in Sources */ = {isa = PBXBuildFile; fileRef = F84F8FA02ABE23A1008B48A5 /* HeartRateBPMView.swift */; };
		F84F8FA52ABE2BEA008B48A5 /* HeartRateChartView.swift in Sources */ = {isa = PBXBuildFile; fileRef = F84F8FA42ABE2BEA008B48A5 /* HeartRateChartView.swift */; };
		F8511F262ABCC59F004E1F4D /* AppDelegate.swift in Sources */ = {isa = PBXBuildFile; fileRef = F8511F252ABCC59F004E1F4D /* AppDelegate.swift */; };
		F8511F282ABCC59F004E1F4D /* SceneDelegate.swift in Sources */ = {isa = PBXBuildFile; fileRef = F8511F272ABCC59F004E1F4D /* SceneDelegate.swift */; };
		F8511F2A2ABCC59F004E1F4D /* ViewController.swift in Sources */ = {isa = PBXBuildFile; fileRef = F8511F292ABCC59F004E1F4D /* ViewController.swift */; };
		F8511F2D2ABCC59F004E1F4D /* Main.storyboard in Resources */ = {isa = PBXBuildFile; fileRef = F8511F2B2ABCC59F004E1F4D /* Main.storyboard */; };
		F8511F2F2ABCC5A1004E1F4D /* Assets.xcassets in Resources */ = {isa = PBXBuildFile; fileRef = F8511F2E2ABCC5A1004E1F4D /* Assets.xcassets */; };
		F8511F322ABCC5A1004E1F4D /* LaunchScreen.storyboard in Resources */ = {isa = PBXBuildFile; fileRef = F8511F302ABCC5A1004E1F4D /* LaunchScreen.storyboard */; };
		F8511F3F2ABCC60B004E1F4D /* HealthSection.swift in Sources */ = {isa = PBXBuildFile; fileRef = F8511F3E2ABCC60B004E1F4D /* HealthSection.swift */; };
		F8511F432ABCC63F004E1F4D /* HeartRateData.swift in Sources */ = {isa = PBXBuildFile; fileRef = F8511F422ABCC63F004E1F4D /* HeartRateData.swift */; };
		F8511F452ABCC64A004E1F4D /* HeartRateSample.swift in Sources */ = {isa = PBXBuildFile; fileRef = F8511F442ABCC64A004E1F4D /* HeartRateSample.swift */; };
		F85E061C2ABCD36600CBABF3 /* StaticData.swift in Sources */ = {isa = PBXBuildFile; fileRef = F85E061B2ABCD36600CBABF3 /* StaticData.swift */; };
		F85E061E2ABCD40100CBABF3 /* HeartRateCellView.swift in Sources */ = {isa = PBXBuildFile; fileRef = F85E061D2ABCD40100CBABF3 /* HeartRateCellView.swift */; };
		F85E06202ABCD41E00CBABF3 /* HeartRateTitleView.swift in Sources */ = {isa = PBXBuildFile; fileRef = F85E061F2ABCD41E00CBABF3 /* HeartRateTitleView.swift */; };
		F87F502C2ABCCDBD003A2163 /* CollectionViewFactory.swift in Sources */ = {isa = PBXBuildFile; fileRef = F87F502B2ABCCDBD003A2163 /* CollectionViewFactory.swift */; };
		F87F502E2ABCD00E003A2163 /* LayoutMetrics.swift in Sources */ = {isa = PBXBuildFile; fileRef = F87F502D2ABCD00E003A2163 /* LayoutMetrics.swift */; };
/* End PBXBuildFile section */

/* Begin PBXFileReference section */
		F828C1EE2AC225D7001DF26C /* HealthCategory.swift */ = {isa = PBXFileReference; lastKnownFileType = sourcecode.swift; path = HealthCategory.swift; sourceTree = "<group>"; };
		F828C1F02AC225E2001DF26C /* HealthCategoryProperties.swift */ = {isa = PBXFileReference; lastKnownFileType = sourcecode.swift; path = HealthCategoryProperties.swift; sourceTree = "<group>"; };
		F828C1F32AC2267C001DF26C /* HealthCategoryCellView.swift */ = {isa = PBXFileReference; lastKnownFileType = sourcecode.swift; path = HealthCategoryCellView.swift; sourceTree = "<group>"; };
		F84F8FA02ABE23A1008B48A5 /* HeartRateBPMView.swift */ = {isa = PBXFileReference; lastKnownFileType = sourcecode.swift; path = HeartRateBPMView.swift; sourceTree = "<group>"; };
		F84F8FA42ABE2BEA008B48A5 /* HeartRateChartView.swift */ = {isa = PBXFileReference; lastKnownFileType = sourcecode.swift; path = HeartRateChartView.swift; sourceTree = "<group>"; };
		F8511F222ABCC59F004E1F4D /* UIKitWithSwiftUI.app */ = {isa = PBXFileReference; explicitFileType = wrapper.application; includeInIndex = 0; path = UIKitWithSwiftUI.app; sourceTree = BUILT_PRODUCTS_DIR; };
		F8511F252ABCC59F004E1F4D /* AppDelegate.swift */ = {isa = PBXFileReference; lastKnownFileType = sourcecode.swift; path = AppDelegate.swift; sourceTree = "<group>"; };
		F8511F272ABCC59F004E1F4D /* SceneDelegate.swift */ = {isa = PBXFileReference; lastKnownFileType = sourcecode.swift; path = SceneDelegate.swift; sourceTree = "<group>"; };
		F8511F292ABCC59F004E1F4D /* ViewController.swift */ = {isa = PBXFileReference; lastKnownFileType = sourcecode.swift; path = ViewController.swift; sourceTree = "<group>"; };
		F8511F2C2ABCC59F004E1F4D /* Base */ = {isa = PBXFileReference; lastKnownFileType = file.storyboard; name = Base; path = Base.lproj/Main.storyboard; sourceTree = "<group>"; };
		F8511F2E2ABCC5A1004E1F4D /* Assets.xcassets */ = {isa = PBXFileReference; lastKnownFileType = folder.assetcatalog; path = Assets.xcassets; sourceTree = "<group>"; };
		F8511F312ABCC5A1004E1F4D /* Base */ = {isa = PBXFileReference; lastKnownFileType = file.storyboard; name = Base; path = Base.lproj/LaunchScreen.storyboard; sourceTree = "<group>"; };
		F8511F332ABCC5A1004E1F4D /* Info.plist */ = {isa = PBXFileReference; lastKnownFileType = text.plist.xml; path = Info.plist; sourceTree = "<group>"; };
		F8511F3E2ABCC60B004E1F4D /* HealthSection.swift */ = {isa = PBXFileReference; lastKnownFileType = sourcecode.swift; path = HealthSection.swift; sourceTree = "<group>"; };
		F8511F422ABCC63F004E1F4D /* HeartRateData.swift */ = {isa = PBXFileReference; lastKnownFileType = sourcecode.swift; path = HeartRateData.swift; sourceTree = "<group>"; };
		F8511F442ABCC64A004E1F4D /* HeartRateSample.swift */ = {isa = PBXFileReference; lastKnownFileType = sourcecode.swift; path = HeartRateSample.swift; sourceTree = "<group>"; };
		F85E061B2ABCD36600CBABF3 /* StaticData.swift */ = {isa = PBXFileReference; lastKnownFileType = sourcecode.swift; path = StaticData.swift; sourceTree = "<group>"; };
		F85E061D2ABCD40100CBABF3 /* HeartRateCellView.swift */ = {isa = PBXFileReference; lastKnownFileType = sourcecode.swift; path = HeartRateCellView.swift; sourceTree = "<group>"; };
		F85E061F2ABCD41E00CBABF3 /* HeartRateTitleView.swift */ = {isa = PBXFileReference; lastKnownFileType = sourcecode.swift; path = HeartRateTitleView.swift; sourceTree = "<group>"; };
		F87F502B2ABCCDBD003A2163 /* CollectionViewFactory.swift */ = {isa = PBXFileReference; lastKnownFileType = sourcecode.swift; path = CollectionViewFactory.swift; sourceTree = "<group>"; };
		F87F502D2ABCD00E003A2163 /* LayoutMetrics.swift */ = {isa = PBXFileReference; lastKnownFileType = sourcecode.swift; path = LayoutMetrics.swift; sourceTree = "<group>"; };
/* End PBXFileReference section */

/* Begin PBXFrameworksBuildPhase section */
		F8511F1F2ABCC59F004E1F4D /* Frameworks */ = {
			isa = PBXFrameworksBuildPhase;
			buildActionMask = 2147483647;
			files = (
			);
			runOnlyForDeploymentPostprocessing = 0;
		};
/* End PBXFrameworksBuildPhase section */

/* Begin PBXGroup section */
		F828C1F22AC2266E001DF26C /* HealthCategoryViews */ = {
			isa = PBXGroup;
			children = (
				F828C1F32AC2267C001DF26C /* HealthCategoryCellView.swift */,
			);
			path = HealthCategoryViews;
			sourceTree = "<group>";
		};
		F84F8F9F2ABE2365008B48A5 /* HealtRateViews */ = {
			isa = PBXGroup;
			children = (
				F85E061D2ABCD40100CBABF3 /* HeartRateCellView.swift */,
				F85E061F2ABCD41E00CBABF3 /* HeartRateTitleView.swift */,
				F84F8FA02ABE23A1008B48A5 /* HeartRateBPMView.swift */,
				F84F8FA42ABE2BEA008B48A5 /* HeartRateChartView.swift */,
			);
			path = HealtRateViews;
			sourceTree = "<group>";
		};
		F8511F192ABCC59F004E1F4D = {
			isa = PBXGroup;
			children = (
				F8511F242ABCC59F004E1F4D /* UIKitWithSwiftUI */,
				F8511F232ABCC59F004E1F4D /* Products */,
			);
			sourceTree = "<group>";
		};
		F8511F232ABCC59F004E1F4D /* Products */ = {
			isa = PBXGroup;
			children = (
				F8511F222ABCC59F004E1F4D /* UIKitWithSwiftUI.app */,
			);
			name = Products;
			sourceTree = "<group>";
		};
		F8511F242ABCC59F004E1F4D /* UIKitWithSwiftUI */ = {
			isa = PBXGroup;
			children = (
				F87F502A2ABCCDAC003A2163 /* Factories */,
				F8511F3C2ABCC5FA004E1F4D /* Templates */,
				F8511F332ABCC5A1004E1F4D /* Info.plist */,
				F8511F392ABCC5A5004E1F4D /* SupportingFiles */,
				F8511F3B2ABCC5C1004E1F4D /* ViewControllers */,
				F8511F3A2ABCC5B3004E1F4D /* Views */,
			);
			path = UIKitWithSwiftUI;
			sourceTree = "<group>";
		};
		F8511F392ABCC5A5004E1F4D /* SupportingFiles */ = {
			isa = PBXGroup;
			children = (
				F8511F2E2ABCC5A1004E1F4D /* Assets.xcassets */,
				F8511F272ABCC59F004E1F4D /* SceneDelegate.swift */,
				F8511F252ABCC59F004E1F4D /* AppDelegate.swift */,
			);
			path = SupportingFiles;
			sourceTree = "<group>";
		};
		F8511F3A2ABCC5B3004E1F4D /* Views */ = {
			isa = PBXGroup;
			children = (
				F8511F402ABCC61F004E1F4D /* SwiftUI */,
				F8511F302ABCC5A1004E1F4D /* LaunchScreen.storyboard */,
				F8511F2B2ABCC59F004E1F4D /* Main.storyboard */,
			);
			path = Views;
			sourceTree = "<group>";
		};
		F8511F3B2ABCC5C1004E1F4D /* ViewControllers */ = {
			isa = PBXGroup;
			children = (
				F8511F292ABCC59F004E1F4D /* ViewController.swift */,
			);
			path = ViewControllers;
			sourceTree = "<group>";
		};
		F8511F3C2ABCC5FA004E1F4D /* Templates */ = {
			isa = PBXGroup;
			children = (
				F8511F412ABCC63B004E1F4D /* Structs */,
				F8511F3D2ABCC603004E1F4D /* Enums */,
			);
			path = Templates;
			sourceTree = "<group>";
		};
		F8511F3D2ABCC603004E1F4D /* Enums */ = {
			isa = PBXGroup;
			children = (
				F8511F3E2ABCC60B004E1F4D /* HealthSection.swift */,
				F828C1EE2AC225D7001DF26C /* HealthCategory.swift */,
			);
			path = Enums;
			sourceTree = "<group>";
		};
		F8511F402ABCC61F004E1F4D /* SwiftUI */ = {
			isa = PBXGroup;
			children = (
				F828C1F22AC2266E001DF26C /* HealthCategoryViews */,
				F84F8F9F2ABE2365008B48A5 /* HealtRateViews */,
			);
			path = SwiftUI;
			sourceTree = "<group>";
		};
		F8511F412ABCC63B004E1F4D /* Structs */ = {
			isa = PBXGroup;
			children = (
				F8511F422ABCC63F004E1F4D /* HeartRateData.swift */,
				F8511F442ABCC64A004E1F4D /* HeartRateSample.swift */,
				F87F502D2ABCD00E003A2163 /* LayoutMetrics.swift */,
				F85E061B2ABCD36600CBABF3 /* StaticData.swift */,
				F828C1F02AC225E2001DF26C /* HealthCategoryProperties.swift */,
			);
			path = Structs;
			sourceTree = "<group>";
		};
		F87F502A2ABCCDAC003A2163 /* Factories */ = {
			isa = PBXGroup;
			children = (
				F87F502B2ABCCDBD003A2163 /* CollectionViewFactory.swift */,
			);
			path = Factories;
			sourceTree = "<group>";
		};
/* End PBXGroup section */

/* Begin PBXNativeTarget section */
		F8511F212ABCC59F004E1F4D /* UIKitWithSwiftUI */ = {
			isa = PBXNativeTarget;
			buildConfigurationList = F8511F362ABCC5A1004E1F4D /* Build configuration list for PBXNativeTarget "UIKitWithSwiftUI" */;
			buildPhases = (
				F8511F1E2ABCC59F004E1F4D /* Sources */,
				F8511F1F2ABCC59F004E1F4D /* Frameworks */,
				F8511F202ABCC59F004E1F4D /* Resources */,
			);
			buildRules = (
			);
			dependencies = (
			);
			name = UIKitWithSwiftUI;
			productName = UIKitWithSwiftUI;
			productReference = F8511F222ABCC59F004E1F4D /* UIKitWithSwiftUI.app */;
			productType = "com.apple.product-type.application";
		};
/* End PBXNativeTarget section */

/* Begin PBXProject section */
		F8511F1A2ABCC59F004E1F4D /* Project object */ = {
			isa = PBXProject;
			attributes = {
				BuildIndependentTargetsInParallel = 1;
				LastSwiftUpdateCheck = 1430;
				LastUpgradeCheck = 1430;
				TargetAttributes = {
					F8511F212ABCC59F004E1F4D = {
						CreatedOnToolsVersion = 14.3.1;
					};
				};
			};
			buildConfigurationList = F8511F1D2ABCC59F004E1F4D /* Build configuration list for PBXProject "UIKitWithSwiftUI" */;
			compatibilityVersion = "Xcode 14.0";
			developmentRegion = en;
			hasScannedForEncodings = 0;
			knownRegions = (
				en,
				Base,
			);
			mainGroup = F8511F192ABCC59F004E1F4D;
			productRefGroup = F8511F232ABCC59F004E1F4D /* Products */;
			projectDirPath = "";
			projectRoot = "";
			targets = (
				F8511F212ABCC59F004E1F4D /* UIKitWithSwiftUI */,
			);
		};
/* End PBXProject section */

/* Begin PBXResourcesBuildPhase section */
		F8511F202ABCC59F004E1F4D /* Resources */ = {
			isa = PBXResourcesBuildPhase;
			buildActionMask = 2147483647;
			files = (
				F8511F322ABCC5A1004E1F4D /* LaunchScreen.storyboard in Resources */,
				F8511F2F2ABCC5A1004E1F4D /* Assets.xcassets in Resources */,
				F8511F2D2ABCC59F004E1F4D /* Main.storyboard in Resources */,
			);
			runOnlyForDeploymentPostprocessing = 0;
		};
/* End PBXResourcesBuildPhase section */

/* Begin PBXSourcesBuildPhase section */
		F8511F1E2ABCC59F004E1F4D /* Sources */ = {
			isa = PBXSourcesBuildPhase;
			buildActionMask = 2147483647;
			files = (
				F8511F452ABCC64A004E1F4D /* HeartRateSample.swift in Sources */,
				F8511F432ABCC63F004E1F4D /* HeartRateData.swift in Sources */,
				F8511F2A2ABCC59F004E1F4D /* ViewController.swift in Sources */,
				F85E061E2ABCD40100CBABF3 /* HeartRateCellView.swift in Sources */,
				F87F502E2ABCD00E003A2163 /* LayoutMetrics.swift in Sources */,
				F87F502C2ABCCDBD003A2163 /* CollectionViewFactory.swift in Sources */,
				F828C1F42AC2267C001DF26C /* HealthCategoryCellView.swift in Sources */,
				F85E061C2ABCD36600CBABF3 /* StaticData.swift in Sources */,
				F84F8FA12ABE23A1008B48A5 /* HeartRateBPMView.swift in Sources */,
				F8511F3F2ABCC60B004E1F4D /* HealthSection.swift in Sources */,
				F828C1EF2AC225D7001DF26C /* HealthCategory.swift in Sources */,
				F8511F262ABCC59F004E1F4D /* AppDelegate.swift in Sources */,
				F84F8FA52ABE2BEA008B48A5 /* HeartRateChartView.swift in Sources */,
				F85E06202ABCD41E00CBABF3 /* HeartRateTitleView.swift in Sources */,
				F8511F282ABCC59F004E1F4D /* SceneDelegate.swift in Sources */,
				F828C1F12AC225E2001DF26C /* HealthCategoryProperties.swift in Sources */,
			);
			runOnlyForDeploymentPostprocessing = 0;
		};
/* End PBXSourcesBuildPhase section */

/* Begin PBXVariantGroup section */
		F8511F2B2ABCC59F004E1F4D /* Main.storyboard */ = {
			isa = PBXVariantGroup;
			children = (
				F8511F2C2ABCC59F004E1F4D /* Base */,
			);
			name = Main.storyboard;
			sourceTree = "<group>";
		};
		F8511F302ABCC5A1004E1F4D /* LaunchScreen.storyboard */ = {
			isa = PBXVariantGroup;
			children = (
				F8511F312ABCC5A1004E1F4D /* Base */,
			);
			name = LaunchScreen.storyboard;
			sourceTree = "<group>";
		};
/* End PBXVariantGroup section */

/* Begin XCBuildConfiguration section */
		F8511F342ABCC5A1004E1F4D /* Debug */ = {
			isa = XCBuildConfiguration;
			buildSettings = {
				ALWAYS_SEARCH_USER_PATHS = NO;
				CLANG_ANALYZER_NONNULL = YES;
				CLANG_ANALYZER_NUMBER_OBJECT_CONVERSION = YES_AGGRESSIVE;
				CLANG_CXX_LANGUAGE_STANDARD = "gnu++20";
				CLANG_ENABLE_MODULES = YES;
				CLANG_ENABLE_OBJC_ARC = YES;
				CLANG_ENABLE_OBJC_WEAK = YES;
				CLANG_WARN_BLOCK_CAPTURE_AUTORELEASING = YES;
				CLANG_WARN_BOOL_CONVERSION = YES;
				CLANG_WARN_COMMA = YES;
				CLANG_WARN_CONSTANT_CONVERSION = YES;
				CLANG_WARN_DEPRECATED_OBJC_IMPLEMENTATIONS = YES;
				CLANG_WARN_DIRECT_OBJC_ISA_USAGE = YES_ERROR;
				CLANG_WARN_DOCUMENTATION_COMMENTS = YES;
				CLANG_WARN_EMPTY_BODY = YES;
				CLANG_WARN_ENUM_CONVERSION = YES;
				CLANG_WARN_INFINITE_RECURSION = YES;
				CLANG_WARN_INT_CONVERSION = YES;
				CLANG_WARN_NON_LITERAL_NULL_CONVERSION = YES;
				CLANG_WARN_OBJC_IMPLICIT_RETAIN_SELF = YES;
				CLANG_WARN_OBJC_LITERAL_CONVERSION = YES;
				CLANG_WARN_OBJC_ROOT_CLASS = YES_ERROR;
				CLANG_WARN_QUOTED_INCLUDE_IN_FRAMEWORK_HEADER = YES;
				CLANG_WARN_RANGE_LOOP_ANALYSIS = YES;
				CLANG_WARN_STRICT_PROTOTYPES = YES;
				CLANG_WARN_SUSPICIOUS_MOVE = YES;
				CLANG_WARN_UNGUARDED_AVAILABILITY = YES_AGGRESSIVE;
				CLANG_WARN_UNREACHABLE_CODE = YES;
				CLANG_WARN__DUPLICATE_METHOD_MATCH = YES;
				COPY_PHASE_STRIP = NO;
				DEBUG_INFORMATION_FORMAT = dwarf;
				ENABLE_STRICT_OBJC_MSGSEND = YES;
				ENABLE_TESTABILITY = YES;
				GCC_C_LANGUAGE_STANDARD = gnu11;
				GCC_DYNAMIC_NO_PIC = NO;
				GCC_NO_COMMON_BLOCKS = YES;
				GCC_OPTIMIZATION_LEVEL = 0;
				GCC_PREPROCESSOR_DEFINITIONS = (
					"DEBUG=1",
					"$(inherited)",
				);
				GCC_WARN_64_TO_32_BIT_CONVERSION = YES;
				GCC_WARN_ABOUT_RETURN_TYPE = YES_ERROR;
				GCC_WARN_UNDECLARED_SELECTOR = YES;
				GCC_WARN_UNINITIALIZED_AUTOS = YES_AGGRESSIVE;
				GCC_WARN_UNUSED_FUNCTION = YES;
				GCC_WARN_UNUSED_VARIABLE = YES;
				IPHONEOS_DEPLOYMENT_TARGET = 16.4;
				MTL_ENABLE_DEBUG_INFO = INCLUDE_SOURCE;
				MTL_FAST_MATH = YES;
				ONLY_ACTIVE_ARCH = YES;
				SDKROOT = iphoneos;
				SWIFT_ACTIVE_COMPILATION_CONDITIONS = DEBUG;
				SWIFT_OPTIMIZATION_LEVEL = "-Onone";
			};
			name = Debug;
		};
		F8511F352ABCC5A1004E1F4D /* Release */ = {
			isa = XCBuildConfiguration;
			buildSettings = {
				ALWAYS_SEARCH_USER_PATHS = NO;
				CLANG_ANALYZER_NONNULL = YES;
				CLANG_ANALYZER_NUMBER_OBJECT_CONVERSION = YES_AGGRESSIVE;
				CLANG_CXX_LANGUAGE_STANDARD = "gnu++20";
				CLANG_ENABLE_MODULES = YES;
				CLANG_ENABLE_OBJC_ARC = YES;
				CLANG_ENABLE_OBJC_WEAK = YES;
				CLANG_WARN_BLOCK_CAPTURE_AUTORELEASING = YES;
				CLANG_WARN_BOOL_CONVERSION = YES;
				CLANG_WARN_COMMA = YES;
				CLANG_WARN_CONSTANT_CONVERSION = YES;
				CLANG_WARN_DEPRECATED_OBJC_IMPLEMENTATIONS = YES;
				CLANG_WARN_DIRECT_OBJC_ISA_USAGE = YES_ERROR;
				CLANG_WARN_DOCUMENTATION_COMMENTS = YES;
				CLANG_WARN_EMPTY_BODY = YES;
				CLANG_WARN_ENUM_CONVERSION = YES;
				CLANG_WARN_INFINITE_RECURSION = YES;
				CLANG_WARN_INT_CONVERSION = YES;
				CLANG_WARN_NON_LITERAL_NULL_CONVERSION = YES;
				CLANG_WARN_OBJC_IMPLICIT_RETAIN_SELF = YES;
				CLANG_WARN_OBJC_LITERAL_CONVERSION = YES;
				CLANG_WARN_OBJC_ROOT_CLASS = YES_ERROR;
				CLANG_WARN_QUOTED_INCLUDE_IN_FRAMEWORK_HEADER = YES;
				CLANG_WARN_RANGE_LOOP_ANALYSIS = YES;
				CLANG_WARN_STRICT_PROTOTYPES = YES;
				CLANG_WARN_SUSPICIOUS_MOVE = YES;
				CLANG_WARN_UNGUARDED_AVAILABILITY = YES_AGGRESSIVE;
				CLANG_WARN_UNREACHABLE_CODE = YES;
				CLANG_WARN__DUPLICATE_METHOD_MATCH = YES;
				COPY_PHASE_STRIP = NO;
				DEBUG_INFORMATION_FORMAT = "dwarf-with-dsym";
				ENABLE_NS_ASSERTIONS = NO;
				ENABLE_STRICT_OBJC_MSGSEND = YES;
				GCC_C_LANGUAGE_STANDARD = gnu11;
				GCC_NO_COMMON_BLOCKS = YES;
				GCC_WARN_64_TO_32_BIT_CONVERSION = YES;
				GCC_WARN_ABOUT_RETURN_TYPE = YES_ERROR;
				GCC_WARN_UNDECLARED_SELECTOR = YES;
				GCC_WARN_UNINITIALIZED_AUTOS = YES_AGGRESSIVE;
				GCC_WARN_UNUSED_FUNCTION = YES;
				GCC_WARN_UNUSED_VARIABLE = YES;
				IPHONEOS_DEPLOYMENT_TARGET = 16.4;
				MTL_ENABLE_DEBUG_INFO = NO;
				MTL_FAST_MATH = YES;
				SDKROOT = iphoneos;
				SWIFT_COMPILATION_MODE = wholemodule;
				SWIFT_OPTIMIZATION_LEVEL = "-O";
				VALIDATE_PRODUCT = YES;
			};
			name = Release;
		};
		F8511F372ABCC5A1004E1F4D /* Debug */ = {
			isa = XCBuildConfiguration;
			buildSettings = {
				ASSETCATALOG_COMPILER_APPICON_NAME = AppIcon;
				ASSETCATALOG_COMPILER_GLOBAL_ACCENT_COLOR_NAME = AccentColor;
				CODE_SIGN_STYLE = Automatic;
				CURRENT_PROJECT_VERSION = 1;
				DEVELOPMENT_TEAM = VJ2UHY4TW3;
				GENERATE_INFOPLIST_FILE = YES;
				INFOPLIST_FILE = UIKitWithSwiftUI/Info.plist;
				INFOPLIST_KEY_UIApplicationSupportsIndirectInputEvents = YES;
				INFOPLIST_KEY_UILaunchStoryboardName = LaunchScreen;
				INFOPLIST_KEY_UIMainStoryboardFile = Main;
				INFOPLIST_KEY_UISupportedInterfaceOrientations_iPad = "UIInterfaceOrientationPortrait UIInterfaceOrientationPortraitUpsideDown UIInterfaceOrientationLandscapeLeft UIInterfaceOrientationLandscapeRight";
				INFOPLIST_KEY_UISupportedInterfaceOrientations_iPhone = "UIInterfaceOrientationPortrait UIInterfaceOrientationLandscapeLeft UIInterfaceOrientationLandscapeRight";
				LD_RUNPATH_SEARCH_PATHS = (
					"$(inherited)",
					"@executable_path/Frameworks",
				);
				MARKETING_VERSION = 1.0;
				PRODUCT_BUNDLE_IDENTIFIER = com.pableiros.UIKitWithSwiftUI;
				PRODUCT_NAME = "$(TARGET_NAME)";
				SWIFT_EMIT_LOC_STRINGS = YES;
				SWIFT_VERSION = 5.0;
				TARGETED_DEVICE_FAMILY = "1,2";
			};
			name = Debug;
		};
		F8511F382ABCC5A1004E1F4D /* Release */ = {
			isa = XCBuildConfiguration;
			buildSettings = {
				ASSETCATALOG_COMPILER_APPICON_NAME = AppIcon;
				ASSETCATALOG_COMPILER_GLOBAL_ACCENT_COLOR_NAME = AccentColor;
				CODE_SIGN_STYLE = Automatic;
				CURRENT_PROJECT_VERSION = 1;
				DEVELOPMENT_TEAM = VJ2UHY4TW3;
				GENERATE_INFOPLIST_FILE = YES;
				INFOPLIST_FILE = UIKitWithSwiftUI/Info.plist;
				INFOPLIST_KEY_UIApplicationSupportsIndirectInputEvents = YES;
				INFOPLIST_KEY_UILaunchStoryboardName = LaunchScreen;
				INFOPLIST_KEY_UIMainStoryboardFile = Main;
				INFOPLIST_KEY_UISupportedInterfaceOrientations_iPad = "UIInterfaceOrientationPortrait UIInterfaceOrientationPortraitUpsideDown UIInterfaceOrientationLandscapeLeft UIInterfaceOrientationLandscapeRight";
				INFOPLIST_KEY_UISupportedInterfaceOrientations_iPhone = "UIInterfaceOrientationPortrait UIInterfaceOrientationLandscapeLeft UIInterfaceOrientationLandscapeRight";
				LD_RUNPATH_SEARCH_PATHS = (
					"$(inherited)",
					"@executable_path/Frameworks",
				);
				MARKETING_VERSION = 1.0;
				PRODUCT_BUNDLE_IDENTIFIER = com.pableiros.UIKitWithSwiftUI;
				PRODUCT_NAME = "$(TARGET_NAME)";
				SWIFT_EMIT_LOC_STRINGS = YES;
				SWIFT_VERSION = 5.0;
				TARGETED_DEVICE_FAMILY = "1,2";
			};
			name = Release;
		};
/* End XCBuildConfiguration section */

/* Begin XCConfigurationList section */
		F8511F1D2ABCC59F004E1F4D /* Build configuration list for PBXProject "UIKitWithSwiftUI" */ = {
			isa = XCConfigurationList;
			buildConfigurations = (
				F8511F342ABCC5A1004E1F4D /* Debug */,
				F8511F352ABCC5A1004E1F4D /* Release */,
			);
			defaultConfigurationIsVisible = 0;
			defaultConfigurationName = Release;
		};
		F8511F362ABCC5A1004E1F4D /* Build configuration list for PBXNativeTarget "UIKitWithSwiftUI" */ = {
			isa = XCConfigurationList;
			buildConfigurations = (
				F8511F372ABCC5A1004E1F4D /* Debug */,
				F8511F382ABCC5A1004E1F4D /* Release */,
			);
			defaultConfigurationIsVisible = 0;
			defaultConfigurationName = Release;
		};
/* End XCConfigurationList section */
	};
	rootObject = F8511F1A2ABCC59F004E1F4D /* Project object */;
}
