// !$*UTF8*$!
{
	archiveVersion = 1;
	classes = {
	};
	objectVersion = 56;
	objects = {

/* Begin PBXBuildFile section */
		F81B5ED92ACF6E60001BBB6B /* FlightPlannerApp.swift in Sources */ = {isa = PBXBuildFile; fileRef = F81B5ED82ACF6E60001BBB6B /* FlightPlannerApp.swift */; };
		F81B5EDB2ACF6E60001BBB6B /* ContentView.swift in Sources */ = {isa = PBXBuildFile; fileRef = F81B5EDA2ACF6E60001BBB6B /* ContentView.swift */; };
		F81B5EDD2ACF6E62001BBB6B /* Assets.xcassets in Resources */ = {isa = PBXBuildFile; fileRef = F81B5EDC2ACF6E62001BBB6B /* Assets.xcassets */; };
		F81B5EE02ACF6E62001BBB6B /* Preview Assets.xcassets in Resources */ = {isa = PBXBuildFile; fileRef = F81B5EDF2ACF6E62001BBB6B /* Preview Assets.xcassets */; };
		F81B5EEB2ACF6F5D001BBB6B /* Airport.swift in Sources */ = {isa = PBXBuildFile; fileRef = F81B5EEA2ACF6F5D001BBB6B /* Airport.swift */; };
		F81B5EED2ACF6FB8001BBB6B /* Airports.json in Resources */ = {isa = PBXBuildFile; fileRef = F81B5EEC2ACF6FB8001BBB6B /* Airports.json */; };
		F81B5EF02ACF7069001BBB6B /* AirportModel.swift in Sources */ = {isa = PBXBuildFile; fileRef = F81B5EEF2ACF7069001BBB6B /* AirportModel.swift */; };
		F81B5EF32ACF70EB001BBB6B /* BookingFormView.swift in Sources */ = {isa = PBXBuildFile; fileRef = F81B5EF22ACF70EB001BBB6B /* BookingFormView.swift */; };
		F81B5EF62ACF7611001BBB6B /* FlightJourney.swift in Sources */ = {isa = PBXBuildFile; fileRef = F81B5EF52ACF7611001BBB6B /* FlightJourney.swift */; };
		F81B5EF82ACF7628001BBB6B /* PassengerInfo.swift in Sources */ = {isa = PBXBuildFile; fileRef = F81B5EF72ACF7628001BBB6B /* PassengerInfo.swift */; };
		F81B5EFA2ACF7645001BBB6B /* FlightInfo.swift in Sources */ = {isa = PBXBuildFile; fileRef = F81B5EF92ACF7645001BBB6B /* FlightInfo.swift */; };
		F81B5EFC2ACF766A001BBB6B /* FlightSegmentGenerator.swift in Sources */ = {isa = PBXBuildFile; fileRef = F81B5EFB2ACF766A001BBB6B /* FlightSegmentGenerator.swift */; };
		F81B5EFE2ACF7686001BBB6B /* FlightSegment.swift in Sources */ = {isa = PBXBuildFile; fileRef = F81B5EFD2ACF7686001BBB6B /* FlightSegment.swift */; };
		F81B5F002ACF769A001BBB6B /* FlightLeg.swift in Sources */ = {isa = PBXBuildFile; fileRef = F81B5EFF2ACF769A001BBB6B /* FlightLeg.swift */; };
		F81B5F022ACF7757001BBB6B /* FlightLegInfo.swift in Sources */ = {isa = PBXBuildFile; fileRef = F81B5F012ACF7757001BBB6B /* FlightLegInfo.swift */; };
		F81B5F042ACF7766001BBB6B /* FlightLegGenerator.swift in Sources */ = {isa = PBXBuildFile; fileRef = F81B5F032ACF7766001BBB6B /* FlightLegGenerator.swift */; };
		F81B5F062ACF7808001BBB6B /* BookingFormInputData.swift in Sources */ = {isa = PBXBuildFile; fileRef = F81B5F052ACF7808001BBB6B /* BookingFormInputData.swift */; };
		F81B5F082ACF781B001BBB6B /* FlightModel.swift in Sources */ = {isa = PBXBuildFile; fileRef = F81B5F072ACF781B001BBB6B /* FlightModel.swift */; };
		F81B5F0A2ACF796C001BBB6B /* BookingForm.swift in Sources */ = {isa = PBXBuildFile; fileRef = F81B5F092ACF796C001BBB6B /* BookingForm.swift */; };
		F81B5F0C2ACF7991001BBB6B /* AirportPicker.swift in Sources */ = {isa = PBXBuildFile; fileRef = F81B5F0B2ACF7991001BBB6B /* AirportPicker.swift */; };
		F81B5F0E2ACF79AC001BBB6B /* AirportPickerRow.swift in Sources */ = {isa = PBXBuildFile; fileRef = F81B5F0D2ACF79AC001BBB6B /* AirportPickerRow.swift */; };
/* End PBXBuildFile section */

/* Begin PBXFileReference section */
		F81B5ED52ACF6E60001BBB6B /* FlightPlanner.app */ = {isa = PBXFileReference; explicitFileType = wrapper.application; includeInIndex = 0; path = FlightPlanner.app; sourceTree = BUILT_PRODUCTS_DIR; };
		F81B5ED82ACF6E60001BBB6B /* FlightPlannerApp.swift */ = {isa = PBXFileReference; lastKnownFileType = sourcecode.swift; path = FlightPlannerApp.swift; sourceTree = "<group>"; };
		F81B5EDA2ACF6E60001BBB6B /* ContentView.swift */ = {isa = PBXFileReference; lastKnownFileType = sourcecode.swift; path = ContentView.swift; sourceTree = "<group>"; };
		F81B5EDC2ACF6E62001BBB6B /* Assets.xcassets */ = {isa = PBXFileReference; lastKnownFileType = folder.assetcatalog; path = Assets.xcassets; sourceTree = "<group>"; };
		F81B5EDF2ACF6E62001BBB6B /* Preview Assets.xcassets */ = {isa = PBXFileReference; lastKnownFileType = folder.assetcatalog; path = "Preview Assets.xcassets"; sourceTree = "<group>"; };
		F81B5EEA2ACF6F5D001BBB6B /* Airport.swift */ = {isa = PBXFileReference; lastKnownFileType = sourcecode.swift; path = Airport.swift; sourceTree = "<group>"; };
		F81B5EEC2ACF6FB8001BBB6B /* Airports.json */ = {isa = PBXFileReference; lastKnownFileType = text.json; path = Airports.json; sourceTree = "<group>"; };
		F81B5EEF2ACF7069001BBB6B /* AirportModel.swift */ = {isa = PBXFileReference; lastKnownFileType = sourcecode.swift; path = AirportModel.swift; sourceTree = "<group>"; };
		F81B5EF22ACF70EB001BBB6B /* BookingFormView.swift */ = {isa = PBXFileReference; lastKnownFileType = sourcecode.swift; path = BookingFormView.swift; sourceTree = "<group>"; };
		F81B5EF52ACF7611001BBB6B /* FlightJourney.swift */ = {isa = PBXFileReference; lastKnownFileType = sourcecode.swift; path = FlightJourney.swift; sourceTree = "<group>"; };
		F81B5EF72ACF7628001BBB6B /* PassengerInfo.swift */ = {isa = PBXFileReference; lastKnownFileType = sourcecode.swift; path = PassengerInfo.swift; sourceTree = "<group>"; };
		F81B5EF92ACF7645001BBB6B /* FlightInfo.swift */ = {isa = PBXFileReference; lastKnownFileType = sourcecode.swift; path = FlightInfo.swift; sourceTree = "<group>"; };
		F81B5EFB2ACF766A001BBB6B /* FlightSegmentGenerator.swift */ = {isa = PBXFileReference; lastKnownFileType = sourcecode.swift; path = FlightSegmentGenerator.swift; sourceTree = "<group>"; };
		F81B5EFD2ACF7686001BBB6B /* FlightSegment.swift */ = {isa = PBXFileReference; lastKnownFileType = sourcecode.swift; path = FlightSegment.swift; sourceTree = "<group>"; };
		F81B5EFF2ACF769A001BBB6B /* FlightLeg.swift */ = {isa = PBXFileReference; lastKnownFileType = sourcecode.swift; path = FlightLeg.swift; sourceTree = "<group>"; };
		F81B5F012ACF7757001BBB6B /* FlightLegInfo.swift */ = {isa = PBXFileReference; lastKnownFileType = sourcecode.swift; path = FlightLegInfo.swift; sourceTree = "<group>"; };
		F81B5F032ACF7766001BBB6B /* FlightLegGenerator.swift */ = {isa = PBXFileReference; lastKnownFileType = sourcecode.swift; path = FlightLegGenerator.swift; sourceTree = "<group>"; };
		F81B5F052ACF7808001BBB6B /* BookingFormInputData.swift */ = {isa = PBXFileReference; lastKnownFileType = sourcecode.swift; path = BookingFormInputData.swift; sourceTree = "<group>"; };
		F81B5F072ACF781B001BBB6B /* FlightModel.swift */ = {isa = PBXFileReference; lastKnownFileType = sourcecode.swift; path = FlightModel.swift; sourceTree = "<group>"; };
		F81B5F092ACF796C001BBB6B /* BookingForm.swift */ = {isa = PBXFileReference; lastKnownFileType = sourcecode.swift; path = BookingForm.swift; sourceTree = "<group>"; };
		F81B5F0B2ACF7991001BBB6B /* AirportPicker.swift */ = {isa = PBXFileReference; lastKnownFileType = sourcecode.swift; path = AirportPicker.swift; sourceTree = "<group>"; };
		F81B5F0D2ACF79AC001BBB6B /* AirportPickerRow.swift */ = {isa = PBXFileReference; lastKnownFileType = sourcecode.swift; path = AirportPickerRow.swift; sourceTree = "<group>"; };
/* End PBXFileReference section */

/* Begin PBXFrameworksBuildPhase section */
		F81B5ED22ACF6E60001BBB6B /* Frameworks */ = {
			isa = PBXFrameworksBuildPhase;
			buildActionMask = 2147483647;
			files = (
			);
			runOnlyForDeploymentPostprocessing = 0;
		};
/* End PBXFrameworksBuildPhase section */

/* Begin PBXGroup section */
		F81B5ECC2ACF6E60001BBB6B = {
			isa = PBXGroup;
			children = (
				F81B5ED72ACF6E60001BBB6B /* FlightPlanner */,
				F81B5ED62ACF6E60001BBB6B /* Products */,
			);
			sourceTree = "<group>";
		};
		F81B5ED62ACF6E60001BBB6B /* Products */ = {
			isa = PBXGroup;
			children = (
				F81B5ED52ACF6E60001BBB6B /* FlightPlanner.app */,
			);
			name = Products;
			sourceTree = "<group>";
		};
		F81B5ED72ACF6E60001BBB6B /* FlightPlanner */ = {
			isa = PBXGroup;
			children = (
				F81B5EEE2ACF705C001BBB6B /* Models */,
				F81B5EE82ACF6EE5001BBB6B /* Templates */,
				F81B5EE72ACF6E6D001BBB6B /* SupportingFiles */,
				F81B5EE62ACF6E67001BBB6B /* Views */,
				F81B5EDE2ACF6E62001BBB6B /* Preview Content */,
			);
			path = FlightPlanner;
			sourceTree = "<group>";
		};
		F81B5EDE2ACF6E62001BBB6B /* Preview Content */ = {
			isa = PBXGroup;
			children = (
				F81B5EDF2ACF6E62001BBB6B /* Preview Assets.xcassets */,
			);
			path = "Preview Content";
			sourceTree = "<group>";
		};
		F81B5EE62ACF6E67001BBB6B /* Views */ = {
			isa = PBXGroup;
			children = (
				F81B5EF12ACF70DA001BBB6B /* BookingFormView */,
				F81B5EDA2ACF6E60001BBB6B /* ContentView.swift */,
			);
			path = Views;
			sourceTree = "<group>";
		};
		F81B5EE72ACF6E6D001BBB6B /* SupportingFiles */ = {
			isa = PBXGroup;
			children = (
				F81B5ED82ACF6E60001BBB6B /* FlightPlannerApp.swift */,
				F81B5EDC2ACF6E62001BBB6B /* Assets.xcassets */,
				F81B5EEC2ACF6FB8001BBB6B /* Airports.json */,
			);
			path = SupportingFiles;
			sourceTree = "<group>";
		};
		F81B5EE82ACF6EE5001BBB6B /* Templates */ = {
			isa = PBXGroup;
			children = (
				F81B5EF42ACF7606001BBB6B /* Enums */,
				F81B5EE92ACF6EEC001BBB6B /* Structs */,
			);
			path = Templates;
			sourceTree = "<group>";
		};
		F81B5EE92ACF6EEC001BBB6B /* Structs */ = {
			isa = PBXGroup;
			children = (
				F81B5EEA2ACF6F5D001BBB6B /* Airport.swift */,
				F81B5EF72ACF7628001BBB6B /* PassengerInfo.swift */,
				F81B5EF92ACF7645001BBB6B /* FlightInfo.swift */,
				F81B5EFD2ACF7686001BBB6B /* FlightSegment.swift */,
				F81B5EFF2ACF769A001BBB6B /* FlightLeg.swift */,
				F81B5F012ACF7757001BBB6B /* FlightLegInfo.swift */,
				F81B5F052ACF7808001BBB6B /* BookingFormInputData.swift */,
			);
			path = Structs;
			sourceTree = "<group>";
		};
		F81B5EEE2ACF705C001BBB6B /* Models */ = {
			isa = PBXGroup;
			children = (
				F81B5EEF2ACF7069001BBB6B /* AirportModel.swift */,
				F81B5F072ACF781B001BBB6B /* FlightModel.swift */,
			);
			path = Models;
			sourceTree = "<group>";
		};
		F81B5EF12ACF70DA001BBB6B /* BookingFormView */ = {
			isa = PBXGroup;
			children = (
				F81B5EF22ACF70EB001BBB6B /* BookingFormView.swift */,
				F81B5F092ACF796C001BBB6B /* BookingForm.swift */,
				F81B5F0B2ACF7991001BBB6B /* AirportPicker.swift */,
				F81B5F0D2ACF79AC001BBB6B /* AirportPickerRow.swift */,
			);
			path = BookingFormView;
			sourceTree = "<group>";
		};
		F81B5EF42ACF7606001BBB6B /* Enums */ = {
			isa = PBXGroup;
			children = (
				F81B5EF52ACF7611001BBB6B /* FlightJourney.swift */,
				F81B5EFB2ACF766A001BBB6B /* FlightSegmentGenerator.swift */,
				F81B5F032ACF7766001BBB6B /* FlightLegGenerator.swift */,
			);
			path = Enums;
			sourceTree = "<group>";
		};
/* End PBXGroup section */

/* Begin PBXNativeTarget section */
		F81B5ED42ACF6E60001BBB6B /* FlightPlanner */ = {
			isa = PBXNativeTarget;
			buildConfigurationList = F81B5EE32ACF6E62001BBB6B /* Build configuration list for PBXNativeTarget "FlightPlanner" */;
			buildPhases = (
				F81B5ED12ACF6E60001BBB6B /* Sources */,
				F81B5ED22ACF6E60001BBB6B /* Frameworks */,
				F81B5ED32ACF6E60001BBB6B /* Resources */,
			);
			buildRules = (
			);
			dependencies = (
			);
			name = FlightPlanner;
			productName = FlightPlanner;
			productReference = F81B5ED52ACF6E60001BBB6B /* FlightPlanner.app */;
			productType = "com.apple.product-type.application";
		};
/* End PBXNativeTarget section */

/* Begin PBXProject section */
		F81B5ECD2ACF6E60001BBB6B /* Project object */ = {
			isa = PBXProject;
			attributes = {
				BuildIndependentTargetsInParallel = 1;
				LastSwiftUpdateCheck = 1500;
				LastUpgradeCheck = 1500;
				TargetAttributes = {
					F81B5ED42ACF6E60001BBB6B = {
						CreatedOnToolsVersion = 15.0;
					};
				};
			};
			buildConfigurationList = F81B5ED02ACF6E60001BBB6B /* Build configuration list for PBXProject "FlightPlanner" */;
			compatibilityVersion = "Xcode 14.0";
			developmentRegion = en;
			hasScannedForEncodings = 0;
			knownRegions = (
				en,
				Base,
			);
			mainGroup = F81B5ECC2ACF6E60001BBB6B;
			productRefGroup = F81B5ED62ACF6E60001BBB6B /* Products */;
			projectDirPath = "";
			projectRoot = "";
			targets = (
				F81B5ED42ACF6E60001BBB6B /* FlightPlanner */,
			);
		};
/* End PBXProject section */

/* Begin PBXResourcesBuildPhase section */
		F81B5ED32ACF6E60001BBB6B /* Resources */ = {
			isa = PBXResourcesBuildPhase;
			buildActionMask = 2147483647;
			files = (
				F81B5EED2ACF6FB8001BBB6B /* Airports.json in Resources */,
				F81B5EE02ACF6E62001BBB6B /* Preview Assets.xcassets in Resources */,
				F81B5EDD2ACF6E62001BBB6B /* Assets.xcassets in Resources */,
			);
			runOnlyForDeploymentPostprocessing = 0;
		};
/* End PBXResourcesBuildPhase section */

/* Begin PBXSourcesBuildPhase section */
		F81B5ED12ACF6E60001BBB6B /* Sources */ = {
			isa = PBXSourcesBuildPhase;
			buildActionMask = 2147483647;
			files = (
				F81B5F0C2ACF7991001BBB6B /* AirportPicker.swift in Sources */,
				F81B5F082ACF781B001BBB6B /* FlightModel.swift in Sources */,
				F81B5EEB2ACF6F5D001BBB6B /* Airport.swift in Sources */,
				F81B5F042ACF7766001BBB6B /* FlightLegGenerator.swift in Sources */,
				F81B5F062ACF7808001BBB6B /* BookingFormInputData.swift in Sources */,
				F81B5F002ACF769A001BBB6B /* FlightLeg.swift in Sources */,
				F81B5EFE2ACF7686001BBB6B /* FlightSegment.swift in Sources */,
				F81B5EDB2ACF6E60001BBB6B /* ContentView.swift in Sources */,
				F81B5F022ACF7757001BBB6B /* FlightLegInfo.swift in Sources */,
				F81B5EF82ACF7628001BBB6B /* PassengerInfo.swift in Sources */,
				F81B5F0A2ACF796C001BBB6B /* BookingForm.swift in Sources */,
				F81B5ED92ACF6E60001BBB6B /* FlightPlannerApp.swift in Sources */,
				F81B5EF32ACF70EB001BBB6B /* BookingFormView.swift in Sources */,
				F81B5EFA2ACF7645001BBB6B /* FlightInfo.swift in Sources */,
				F81B5F0E2ACF79AC001BBB6B /* AirportPickerRow.swift in Sources */,
				F81B5EF62ACF7611001BBB6B /* FlightJourney.swift in Sources */,
				F81B5EFC2ACF766A001BBB6B /* FlightSegmentGenerator.swift in Sources */,
				F81B5EF02ACF7069001BBB6B /* AirportModel.swift in Sources */,
			);
			runOnlyForDeploymentPostprocessing = 0;
		};
/* End PBXSourcesBuildPhase section */

/* Begin XCBuildConfiguration section */
		F81B5EE12ACF6E62001BBB6B /* Debug */ = {
			isa = XCBuildConfiguration;
			buildSettings = {
				ALWAYS_SEARCH_USER_PATHS = NO;
				ASSETCATALOG_COMPILER_GENERATE_SWIFT_ASSET_SYMBOL_EXTENSIONS = YES;
				CLANG_ANALYZER_NONNULL = YES;
				CLANG_ANALYZER_NUMBER_OBJECT_CONVERSION = YES_AGGRESSIVE;
				CLANG_CXX_LANGUAGE_STANDARD = "gnu++20";
				CLANG_ENABLE_MODULES = YES;
				CLANG_ENABLE_OBJC_ARC = YES;
				CLANG_ENABLE_OBJC_WEAK = YES;
				CLANG_WARN_BLOCK_CAPTURE_AUTORELEASING = YES;
				CLANG_WARN_BOOL_CONVERSION = YES;
				CLANG_WARN_COMMA = YES;
				CLANG_WARN_CONSTANT_CONVERSION = YES;
				CLANG_WARN_DEPRECATED_OBJC_IMPLEMENTATIONS = YES;
				CLANG_WARN_DIRECT_OBJC_ISA_USAGE = YES_ERROR;
				CLANG_WARN_DOCUMENTATION_COMMENTS = YES;
				CLANG_WARN_EMPTY_BODY = YES;
				CLANG_WARN_ENUM_CONVERSION = YES;
				CLANG_WARN_INFINITE_RECURSION = YES;
				CLANG_WARN_INT_CONVERSION = YES;
				CLANG_WARN_NON_LITERAL_NULL_CONVERSION = YES;
				CLANG_WARN_OBJC_IMPLICIT_RETAIN_SELF = YES;
				CLANG_WARN_OBJC_LITERAL_CONVERSION = YES;
				CLANG_WARN_OBJC_ROOT_CLASS = YES_ERROR;
				CLANG_WARN_QUOTED_INCLUDE_IN_FRAMEWORK_HEADER = YES;
				CLANG_WARN_RANGE_LOOP_ANALYSIS = YES;
				CLANG_WARN_STRICT_PROTOTYPES = YES;
				CLANG_WARN_SUSPICIOUS_MOVE = YES;
				CLANG_WARN_UNGUARDED_AVAILABILITY = YES_AGGRESSIVE;
				CLANG_WARN_UNREACHABLE_CODE = YES;
				CLANG_WARN__DUPLICATE_METHOD_MATCH = YES;
				COPY_PHASE_STRIP = NO;
				DEBUG_INFORMATION_FORMAT = dwarf;
				ENABLE_STRICT_OBJC_MSGSEND = YES;
				ENABLE_TESTABILITY = YES;
				ENABLE_USER_SCRIPT_SANDBOXING = YES;
				GCC_C_LANGUAGE_STANDARD = gnu17;
				GCC_DYNAMIC_NO_PIC = NO;
				GCC_NO_COMMON_BLOCKS = YES;
				GCC_OPTIMIZATION_LEVEL = 0;
				GCC_PREPROCESSOR_DEFINITIONS = (
					"DEBUG=1",
					"$(inherited)",
				);
				GCC_WARN_64_TO_32_BIT_CONVERSION = YES;
				GCC_WARN_ABOUT_RETURN_TYPE = YES_ERROR;
				GCC_WARN_UNDECLARED_SELECTOR = YES;
				GCC_WARN_UNINITIALIZED_AUTOS = YES_AGGRESSIVE;
				GCC_WARN_UNUSED_FUNCTION = YES;
				GCC_WARN_UNUSED_VARIABLE = YES;
				IPHONEOS_DEPLOYMENT_TARGET = 17.0;
				LOCALIZATION_PREFERS_STRING_CATALOGS = YES;
				MTL_ENABLE_DEBUG_INFO = INCLUDE_SOURCE;
				MTL_FAST_MATH = YES;
				ONLY_ACTIVE_ARCH = YES;
				SDKROOT = iphoneos;
				SWIFT_ACTIVE_COMPILATION_CONDITIONS = "DEBUG $(inherited)";
				SWIFT_OPTIMIZATION_LEVEL = "-Onone";
			};
			name = Debug;
		};
		F81B5EE22ACF6E62001BBB6B /* Release */ = {
			isa = XCBuildConfiguration;
			buildSettings = {
				ALWAYS_SEARCH_USER_PATHS = NO;
				ASSETCATALOG_COMPILER_GENERATE_SWIFT_ASSET_SYMBOL_EXTENSIONS = YES;
				CLANG_ANALYZER_NONNULL = YES;
				CLANG_ANALYZER_NUMBER_OBJECT_CONVERSION = YES_AGGRESSIVE;
				CLANG_CXX_LANGUAGE_STANDARD = "gnu++20";
				CLANG_ENABLE_MODULES = YES;
				CLANG_ENABLE_OBJC_ARC = YES;
				CLANG_ENABLE_OBJC_WEAK = YES;
				CLANG_WARN_BLOCK_CAPTURE_AUTORELEASING = YES;
				CLANG_WARN_BOOL_CONVERSION = YES;
				CLANG_WARN_COMMA = YES;
				CLANG_WARN_CONSTANT_CONVERSION = YES;
				CLANG_WARN_DEPRECATED_OBJC_IMPLEMENTATIONS = YES;
				CLANG_WARN_DIRECT_OBJC_ISA_USAGE = YES_ERROR;
				CLANG_WARN_DOCUMENTATION_COMMENTS = YES;
				CLANG_WARN_EMPTY_BODY = YES;
				CLANG_WARN_ENUM_CONVERSION = YES;
				CLANG_WARN_INFINITE_RECURSION = YES;
				CLANG_WARN_INT_CONVERSION = YES;
				CLANG_WARN_NON_LITERAL_NULL_CONVERSION = YES;
				CLANG_WARN_OBJC_IMPLICIT_RETAIN_SELF = YES;
				CLANG_WARN_OBJC_LITERAL_CONVERSION = YES;
				CLANG_WARN_OBJC_ROOT_CLASS = YES_ERROR;
				CLANG_WARN_QUOTED_INCLUDE_IN_FRAMEWORK_HEADER = YES;
				CLANG_WARN_RANGE_LOOP_ANALYSIS = YES;
				CLANG_WARN_STRICT_PROTOTYPES = YES;
				CLANG_WARN_SUSPICIOUS_MOVE = YES;
				CLANG_WARN_UNGUARDED_AVAILABILITY = YES_AGGRESSIVE;
				CLANG_WARN_UNREACHABLE_CODE = YES;
				CLANG_WARN__DUPLICATE_METHOD_MATCH = YES;
				COPY_PHASE_STRIP = NO;
				DEBUG_INFORMATION_FORMAT = "dwarf-with-dsym";
				ENABLE_NS_ASSERTIONS = NO;
				ENABLE_STRICT_OBJC_MSGSEND = YES;
				ENABLE_USER_SCRIPT_SANDBOXING = YES;
				GCC_C_LANGUAGE_STANDARD = gnu17;
				GCC_NO_COMMON_BLOCKS = YES;
				GCC_WARN_64_TO_32_BIT_CONVERSION = YES;
				GCC_WARN_ABOUT_RETURN_TYPE = YES_ERROR;
				GCC_WARN_UNDECLARED_SELECTOR = YES;
				GCC_WARN_UNINITIALIZED_AUTOS = YES_AGGRESSIVE;
				GCC_WARN_UNUSED_FUNCTION = YES;
				GCC_WARN_UNUSED_VARIABLE = YES;
				IPHONEOS_DEPLOYMENT_TARGET = 17.0;
				LOCALIZATION_PREFERS_STRING_CATALOGS = YES;
				MTL_ENABLE_DEBUG_INFO = NO;
				MTL_FAST_MATH = YES;
				SDKROOT = iphoneos;
				SWIFT_COMPILATION_MODE = wholemodule;
				VALIDATE_PRODUCT = YES;
			};
			name = Release;
		};
		F81B5EE42ACF6E62001BBB6B /* Debug */ = {
			isa = XCBuildConfiguration;
			buildSettings = {
				ASSETCATALOG_COMPILER_APPICON_NAME = AppIcon;
				ASSETCATALOG_COMPILER_GLOBAL_ACCENT_COLOR_NAME = AccentColor;
				CODE_SIGN_STYLE = Automatic;
				CURRENT_PROJECT_VERSION = 1;
				DEVELOPMENT_ASSET_PATHS = "\"FlightPlanner/Preview Content\"";
				DEVELOPMENT_TEAM = VJ2UHY4TW3;
				ENABLE_PREVIEWS = YES;
				GENERATE_INFOPLIST_FILE = YES;
				INFOPLIST_KEY_UIApplicationSceneManifest_Generation = YES;
				INFOPLIST_KEY_UIApplicationSupportsIndirectInputEvents = YES;
				INFOPLIST_KEY_UILaunchScreen_Generation = YES;
				INFOPLIST_KEY_UISupportedInterfaceOrientations_iPad = "UIInterfaceOrientationPortrait UIInterfaceOrientationPortraitUpsideDown UIInterfaceOrientationLandscapeLeft UIInterfaceOrientationLandscapeRight";
				INFOPLIST_KEY_UISupportedInterfaceOrientations_iPhone = "UIInterfaceOrientationPortrait UIInterfaceOrientationLandscapeLeft UIInterfaceOrientationLandscapeRight";
				LD_RUNPATH_SEARCH_PATHS = (
					"$(inherited)",
					"@executable_path/Frameworks",
				);
				MARKETING_VERSION = 1.0;
				PRODUCT_BUNDLE_IDENTIFIER = com.pableiros.FlightPlanner;
				PRODUCT_NAME = "$(TARGET_NAME)";
				SWIFT_EMIT_LOC_STRINGS = YES;
				SWIFT_VERSION = 5.0;
				TARGETED_DEVICE_FAMILY = "1,2";
			};
			name = Debug;
		};
		F81B5EE52ACF6E62001BBB6B /* Release */ = {
			isa = XCBuildConfiguration;
			buildSettings = {
				ASSETCATALOG_COMPILER_APPICON_NAME = AppIcon;
				ASSETCATALOG_COMPILER_GLOBAL_ACCENT_COLOR_NAME = AccentColor;
				CODE_SIGN_STYLE = Automatic;
				CURRENT_PROJECT_VERSION = 1;
				DEVELOPMENT_ASSET_PATHS = "\"FlightPlanner/Preview Content\"";
				DEVELOPMENT_TEAM = VJ2UHY4TW3;
				ENABLE_PREVIEWS = YES;
				GENERATE_INFOPLIST_FILE = YES;
				INFOPLIST_KEY_UIApplicationSceneManifest_Generation = YES;
				INFOPLIST_KEY_UIApplicationSupportsIndirectInputEvents = YES;
				INFOPLIST_KEY_UILaunchScreen_Generation = YES;
				INFOPLIST_KEY_UISupportedInterfaceOrientations_iPad = "UIInterfaceOrientationPortrait UIInterfaceOrientationPortraitUpsideDown UIInterfaceOrientationLandscapeLeft UIInterfaceOrientationLandscapeRight";
				INFOPLIST_KEY_UISupportedInterfaceOrientations_iPhone = "UIInterfaceOrientationPortrait UIInterfaceOrientationLandscapeLeft UIInterfaceOrientationLandscapeRight";
				LD_RUNPATH_SEARCH_PATHS = (
					"$(inherited)",
					"@executable_path/Frameworks",
				);
				MARKETING_VERSION = 1.0;
				PRODUCT_BUNDLE_IDENTIFIER = com.pableiros.FlightPlanner;
				PRODUCT_NAME = "$(TARGET_NAME)";
				SWIFT_EMIT_LOC_STRINGS = YES;
				SWIFT_VERSION = 5.0;
				TARGETED_DEVICE_FAMILY = "1,2";
			};
			name = Release;
		};
/* End XCBuildConfiguration section */

/* Begin XCConfigurationList section */
		F81B5ED02ACF6E60001BBB6B /* Build configuration list for PBXProject "FlightPlanner" */ = {
			isa = XCConfigurationList;
			buildConfigurations = (
				F81B5EE12ACF6E62001BBB6B /* Debug */,
				F81B5EE22ACF6E62001BBB6B /* Release */,
			);
			defaultConfigurationIsVisible = 0;
			defaultConfigurationName = Release;
		};
		F81B5EE32ACF6E62001BBB6B /* Build configuration list for PBXNativeTarget "FlightPlanner" */ = {
			isa = XCConfigurationList;
			buildConfigurations = (
				F81B5EE42ACF6E62001BBB6B /* Debug */,
				F81B5EE52ACF6E62001BBB6B /* Release */,
			);
			defaultConfigurationIsVisible = 0;
			defaultConfigurationName = Release;
		};
/* End XCConfigurationList section */
	};
	rootObject = F81B5ECD2ACF6E60001BBB6B /* Project object */;
}
